<?xml version="1.0" encoding="UTF-8"?>
<!DOCTYPE plist PUBLIC "-//Apple//DTD PLIST 1.0//EN" "http://www.apple.com/DTDs/PropertyList-1.0.dtd">
<plist version="1.0">
<dict>
	<key>archiveVersion</key>
	<string>1</string>
	<key>classes</key>
	<dict/>
	<key>objectVersion</key>
	<string>46</string>
	<key>objects</key>
	<dict>
		<key>05E86F48DA7EA61D10485705</key>
		<dict>
			<key>explicitFileType</key>
			<string>archive.ar</string>
			<key>includeInIndex</key>
			<string>0</string>
			<key>isa</key>
			<string>PBXFileReference</string>
			<key>path</key>
			<string>libPods.a</string>
			<key>sourceTree</key>
			<string>BUILT_PRODUCTS_DIR</string>
		</dict>
		<key>119DD9127C16B92CB1A439EC</key>
		<dict>
			<key>buildActionMask</key>
			<string>2147483647</string>
			<key>files</key>
			<array/>
			<key>inputPaths</key>
			<array/>
			<key>isa</key>
			<string>PBXShellScriptBuildPhase</string>
			<key>name</key>
			<string>Check Pods Manifest.lock</string>
			<key>outputPaths</key>
			<array/>
			<key>runOnlyForDeploymentPostprocessing</key>
			<string>0</string>
			<key>shellPath</key>
			<string>/bin/sh</string>
			<key>shellScript</key>
			<string>diff "${PODS_ROOT}/../Podfile.lock" "${PODS_ROOT}/Manifest.lock" &gt; /dev/null
if [[ $? != 0 ]] ; then
    cat &lt;&lt; EOM
error: The sandbox is not in sync with the Podfile.lock. Run 'pod install' or update your CocoaPods installation.
EOM
    exit 1
fi
</string>
			<key>showEnvVarsInLog</key>
			<string>0</string>
		</dict>
		<key>373A587AF700AC306F7B189F</key>
		<dict>
			<key>fileRef</key>
			<string>05E86F48DA7EA61D10485705</string>
			<key>isa</key>
			<string>PBXBuildFile</string>
		</dict>
		<key>558A7B6BD07E0545D8EB8863</key>
		<dict>
			<key>buildActionMask</key>
			<string>2147483647</string>
			<key>files</key>
			<array/>
			<key>inputPaths</key>
			<array/>
			<key>isa</key>
			<string>PBXShellScriptBuildPhase</string>
			<key>name</key>
			<string>Embed Pods Frameworks</string>
			<key>outputPaths</key>
			<array/>
			<key>runOnlyForDeploymentPostprocessing</key>
			<string>0</string>
			<key>shellPath</key>
			<string>/bin/sh</string>
			<key>shellScript</key>
			<string>"${SRCROOT}/Pods/Target Support Files/Pods/Pods-frameworks.sh"
</string>
			<key>showEnvVarsInLog</key>
			<string>0</string>
		</dict>
		<key>8C8DD35B7EA11082094CD39E</key>
		<dict>
			<key>children</key>
			<array>
				<string>05E86F48DA7EA61D10485705</string>
			</array>
			<key>isa</key>
			<string>PBXGroup</string>
			<key>name</key>
			<string>Frameworks</string>
			<key>sourceTree</key>
			<string>&lt;group&gt;</string>
		</dict>
		<key>9B2EB0DA6D6F09A2746709A0</key>
		<dict>
			<key>includeInIndex</key>
			<string>1</string>
			<key>isa</key>
			<string>PBXFileReference</string>
			<key>lastKnownFileType</key>
			<string>text.xcconfig</string>
			<key>name</key>
			<string>Pods.release.xcconfig</string>
			<key>path</key>
			<string>Pods/Target Support Files/Pods/Pods.release.xcconfig</string>
			<key>sourceTree</key>
			<string>&lt;group&gt;</string>
		</dict>
		<key>A2CAF9EE33A80CB718AD2CCA</key>
		<dict>
			<key>children</key>
			<array>
				<string>C62AA3B9679AE7BCC401896E</string>
				<string>9B2EB0DA6D6F09A2746709A0</string>
			</array>
			<key>isa</key>
			<string>PBXGroup</string>
			<key>name</key>
			<string>Pods</string>
			<key>sourceTree</key>
			<string>&lt;group&gt;</string>
		</dict>
		<key>A907512F1B490B6B3DBD5AEB</key>
		<dict>
			<key>buildActionMask</key>
			<string>2147483647</string>
			<key>files</key>
			<array/>
			<key>inputPaths</key>
			<array/>
			<key>isa</key>
			<string>PBXShellScriptBuildPhase</string>
			<key>name</key>
			<string>Copy Pods Resources</string>
			<key>outputPaths</key>
			<array/>
			<key>runOnlyForDeploymentPostprocessing</key>
			<string>0</string>
			<key>shellPath</key>
			<string>/bin/sh</string>
			<key>shellScript</key>
			<string>"${SRCROOT}/Pods/Target Support Files/Pods/Pods-resources.sh"
</string>
			<key>showEnvVarsInLog</key>
			<string>0</string>
		</dict>
		<key>C62AA3B9679AE7BCC401896E</key>
		<dict>
			<key>includeInIndex</key>
			<string>1</string>
			<key>isa</key>
			<string>PBXFileReference</string>
			<key>lastKnownFileType</key>
			<string>text.xcconfig</string>
			<key>name</key>
			<string>Pods.debug.xcconfig</string>
			<key>path</key>
			<string>Pods/Target Support Files/Pods/Pods.debug.xcconfig</string>
			<key>sourceTree</key>
			<string>&lt;group&gt;</string>
		</dict>
		<key>FE07297A1C9D5A5400744762</key>
		<dict>
			<key>fileEncoding</key>
			<string>4</string>
			<key>isa</key>
			<string>PBXFileReference</string>
			<key>lastKnownFileType</key>
			<string>sourcecode.c.h</string>
			<key>path</key>
			<string>UIView+Ex.h</string>
			<key>sourceTree</key>
			<string>&lt;group&gt;</string>
		</dict>
		<key>FE07297B1C9D5A5400744762</key>
		<dict>
			<key>fileEncoding</key>
			<string>4</string>
			<key>isa</key>
			<string>PBXFileReference</string>
			<key>lastKnownFileType</key>
			<string>sourcecode.c.objc</string>
			<key>path</key>
			<string>UIView+Ex.m</string>
			<key>sourceTree</key>
			<string>&lt;group&gt;</string>
		</dict>
		<key>FE07297C1C9D5A5400744762</key>
		<dict>
			<key>fileRef</key>
			<string>FE07297B1C9D5A5400744762</string>
			<key>isa</key>
			<string>PBXBuildFile</string>
		</dict>
		<key>FE07297D1C9F832100744762</key>
		<dict>
			<key>fileEncoding</key>
			<string>4</string>
			<key>isa</key>
			<string>PBXFileReference</string>
			<key>lastKnownFileType</key>
			<string>sourcecode.c.h</string>
			<key>path</key>
			<string>LeftViewController.h</string>
			<key>sourceTree</key>
			<string>&lt;group&gt;</string>
		</dict>
		<key>FE07297E1C9F832100744762</key>
		<dict>
			<key>fileEncoding</key>
			<string>4</string>
			<key>isa</key>
			<string>PBXFileReference</string>
			<key>lastKnownFileType</key>
			<string>sourcecode.c.objc</string>
			<key>path</key>
			<string>LeftViewController.m</string>
			<key>sourceTree</key>
			<string>&lt;group&gt;</string>
		</dict>
		<key>FE07297F1C9F832100744762</key>
		<dict>
			<key>fileEncoding</key>
			<string>4</string>
			<key>isa</key>
			<string>PBXFileReference</string>
			<key>lastKnownFileType</key>
			<string>file.xib</string>
			<key>path</key>
			<string>LeftViewController.xib</string>
			<key>sourceTree</key>
			<string>&lt;group&gt;</string>
		</dict>
		<key>FE0729801C9F832100744762</key>
		<dict>
			<key>fileRef</key>
			<string>FE07297E1C9F832100744762</string>
			<key>isa</key>
			<string>PBXBuildFile</string>
		</dict>
		<key>FE0729811C9F832100744762</key>
		<dict>
			<key>fileRef</key>
			<string>FE07297F1C9F832100744762</string>
			<key>isa</key>
			<string>PBXBuildFile</string>
		</dict>
		<key>FE0729821C9FDA2F00744762</key>
		<dict>
			<key>children</key>
			<array>
				<string>FE0729831C9FDA5D00744762</string>
				<string>FE0729841C9FDA5D00744762</string>
				<string>FE0729851C9FDA5D00744762</string>
			</array>
			<key>isa</key>
			<string>PBXGroup</string>
			<key>path</key>
			<string>LeftDrawer</string>
			<key>sourceTree</key>
			<string>&lt;group&gt;</string>
		</dict>
		<key>FE0729831C9FDA5D00744762</key>
		<dict>
			<key>fileEncoding</key>
			<string>4</string>
			<key>isa</key>
			<string>PBXFileReference</string>
			<key>lastKnownFileType</key>
			<string>sourcecode.c.h</string>
			<key>path</key>
			<string>LeftTableViewCell.h</string>
			<key>sourceTree</key>
			<string>&lt;group&gt;</string>
		</dict>
		<key>FE0729841C9FDA5D00744762</key>
		<dict>
			<key>fileEncoding</key>
			<string>4</string>
			<key>isa</key>
			<string>PBXFileReference</string>
			<key>lastKnownFileType</key>
			<string>sourcecode.c.objc</string>
			<key>path</key>
			<string>LeftTableViewCell.m</string>
			<key>sourceTree</key>
			<string>&lt;group&gt;</string>
		</dict>
		<key>FE0729851C9FDA5D00744762</key>
		<dict>
			<key>fileEncoding</key>
			<string>4</string>
			<key>isa</key>
			<string>PBXFileReference</string>
			<key>lastKnownFileType</key>
			<string>file.xib</string>
			<key>path</key>
			<string>LeftTableViewCell.xib</string>
			<key>sourceTree</key>
			<string>&lt;group&gt;</string>
		</dict>
		<key>FE0729861C9FDA5D00744762</key>
		<dict>
			<key>fileRef</key>
			<string>FE0729841C9FDA5D00744762</string>
			<key>isa</key>
			<string>PBXBuildFile</string>
		</dict>
		<key>FE0729871C9FDA5D00744762</key>
		<dict>
			<key>fileRef</key>
			<string>FE0729851C9FDA5D00744762</string>
			<key>isa</key>
			<string>PBXBuildFile</string>
		</dict>
		<key>FE0729881C9FE05800744762</key>
		<dict>
			<key>children</key>
			<array>
				<string>FE0729891C9FE18E00744762</string>
				<string>FE07298A1C9FE18E00744762</string>
			</array>
			<key>isa</key>
			<string>PBXGroup</string>
			<key>path</key>
			<string>LeftDrawer</string>
			<key>sourceTree</key>
			<string>&lt;group&gt;</string>
		</dict>
		<key>FE0729891C9FE18E00744762</key>
		<dict>
			<key>fileEncoding</key>
			<string>4</string>
			<key>isa</key>
			<string>PBXFileReference</string>
			<key>lastKnownFileType</key>
			<string>sourcecode.c.h</string>
			<key>path</key>
			<string>LeftDataModel.h</string>
			<key>sourceTree</key>
			<string>&lt;group&gt;</string>
		</dict>
		<key>FE07298A1C9FE18E00744762</key>
		<dict>
			<key>fileEncoding</key>
			<string>4</string>
			<key>isa</key>
			<string>PBXFileReference</string>
			<key>lastKnownFileType</key>
			<string>sourcecode.c.objc</string>
			<key>path</key>
			<string>LeftDataModel.m</string>
			<key>sourceTree</key>
			<string>&lt;group&gt;</string>
		</dict>
		<key>FE07298B1C9FE18E00744762</key>
		<dict>
			<key>fileRef</key>
			<string>FE07298A1C9FE18E00744762</string>
			<key>isa</key>
			<string>PBXBuildFile</string>
		</dict>
		<key>FE07298C1C9FEBB100744762</key>
		<dict>
			<key>fileEncoding</key>
			<string>4</string>
			<key>isa</key>
			<string>PBXFileReference</string>
			<key>lastKnownFileType</key>
			<string>sourcecode.c.h</string>
			<key>path</key>
			<string>BaseViewController.h</string>
			<key>sourceTree</key>
			<string>&lt;group&gt;</string>
		</dict>
		<key>FE07298D1C9FEBB100744762</key>
		<dict>
			<key>fileEncoding</key>
			<string>4</string>
			<key>isa</key>
			<string>PBXFileReference</string>
			<key>lastKnownFileType</key>
			<string>sourcecode.c.objc</string>
			<key>path</key>
			<string>BaseViewController.m</string>
			<key>sourceTree</key>
			<string>&lt;group&gt;</string>
		</dict>
		<key>FE07298E1C9FEBB100744762</key>
		<dict>
			<key>fileEncoding</key>
			<string>4</string>
			<key>isa</key>
			<string>PBXFileReference</string>
			<key>lastKnownFileType</key>
			<string>file.xib</string>
			<key>path</key>
			<string>BaseViewController.xib</string>
			<key>sourceTree</key>
			<string>&lt;group&gt;</string>
		</dict>
		<key>FE07298F1C9FEBB100744762</key>
		<dict>
			<key>fileRef</key>
			<string>FE07298D1C9FEBB100744762</string>
			<key>isa</key>
			<string>PBXBuildFile</string>
		</dict>
		<key>FE0729901C9FEBB100744762</key>
		<dict>
			<key>fileRef</key>
			<string>FE07298E1C9FEBB100744762</string>
			<key>isa</key>
			<string>PBXBuildFile</string>
		</dict>
		<key>FE0729911C9FF4EE00744762</key>
		<dict>
			<key>fileEncoding</key>
			<string>4</string>
			<key>isa</key>
			<string>PBXFileReference</string>
			<key>lastKnownFileType</key>
			<string>sourcecode.c.h</string>
			<key>path</key>
			<string>RefreshView.h</string>
			<key>sourceTree</key>
			<string>&lt;group&gt;</string>
		</dict>
		<key>FE0729921C9FF4EE00744762</key>
		<dict>
			<key>fileEncoding</key>
			<string>4</string>
			<key>isa</key>
			<string>PBXFileReference</string>
			<key>lastKnownFileType</key>
			<string>sourcecode.c.objc</string>
			<key>path</key>
			<string>RefreshView.m</string>
			<key>sourceTree</key>
			<string>&lt;group&gt;</string>
		</dict>
		<key>FE0729931C9FF4EE00744762</key>
		<dict>
			<key>fileRef</key>
			<string>FE0729921C9FF4EE00744762</string>
			<key>isa</key>
			<string>PBXBuildFile</string>
		</dict>
		<key>FE0729941C9FF5B800744762</key>
		<dict>
			<key>fileEncoding</key>
			<string>4</string>
			<key>isa</key>
			<string>PBXFileReference</string>
			<key>lastKnownFileType</key>
			<string>file.xib</string>
			<key>path</key>
			<string>RefreshView.xib</string>
			<key>sourceTree</key>
			<string>&lt;group&gt;</string>
		</dict>
		<key>FE0729951C9FF5B800744762</key>
		<dict>
			<key>fileRef</key>
			<string>FE0729941C9FF5B800744762</string>
			<key>isa</key>
			<string>PBXBuildFile</string>
		</dict>
		<key>FE07299B1CA0E98A00744762</key>
		<dict>
			<key>fileEncoding</key>
			<string>4</string>
			<key>isa</key>
			<string>PBXFileReference</string>
			<key>lastKnownFileType</key>
			<string>sourcecode.c.h</string>
			<key>path</key>
			<string>HomePageViewController.h</string>
			<key>sourceTree</key>
			<string>&lt;group&gt;</string>
		</dict>
		<key>FE07299C1CA0E98A00744762</key>
		<dict>
			<key>fileEncoding</key>
			<string>4</string>
			<key>isa</key>
			<string>PBXFileReference</string>
			<key>lastKnownFileType</key>
			<string>sourcecode.c.objc</string>
			<key>path</key>
			<string>HomePageViewController.m</string>
			<key>sourceTree</key>
			<string>&lt;group&gt;</string>
		</dict>
		<key>FE07299D1CA0E98A00744762</key>
		<dict>
			<key>fileRef</key>
			<string>FE07299C1CA0E98A00744762</string>
			<key>isa</key>
			<string>PBXBuildFile</string>
		</dict>
		<key>FE07299E1CA0EECA00744762</key>
		<dict>
			<key>children</key>
			<array>
				<string>FE0729A41CA2349000744762</string>
				<string>FE0729A51CA2349000744762</string>
				<string>FE0729A61CA2349000744762</string>
				<string>FE07299F1CA0EEE700744762</string>
				<string>FE0729A01CA0EEE700744762</string>
				<string>FE0729A21CA0EEF300744762</string>
			</array>
			<key>isa</key>
			<string>PBXGroup</string>
			<key>path</key>
			<string>HomePage</string>
			<key>sourceTree</key>
			<string>&lt;group&gt;</string>
		</dict>
		<key>FE07299F1CA0EEE700744762</key>
		<dict>
			<key>fileEncoding</key>
			<string>4</string>
			<key>isa</key>
			<string>PBXFileReference</string>
			<key>lastKnownFileType</key>
			<string>sourcecode.c.h</string>
			<key>path</key>
			<string>AutoLoopView.h</string>
			<key>sourceTree</key>
			<string>&lt;group&gt;</string>
		</dict>
		<key>FE0729A01CA0EEE700744762</key>
		<dict>
			<key>fileEncoding</key>
			<string>4</string>
			<key>isa</key>
			<string>PBXFileReference</string>
			<key>lastKnownFileType</key>
			<string>sourcecode.c.objc</string>
			<key>path</key>
			<string>AutoLoopView.m</string>
			<key>sourceTree</key>
			<string>&lt;group&gt;</string>
		</dict>
		<key>FE0729A11CA0EEE700744762</key>
		<dict>
			<key>fileRef</key>
			<string>FE0729A01CA0EEE700744762</string>
			<key>isa</key>
			<string>PBXBuildFile</string>
		</dict>
		<key>FE0729A21CA0EEF300744762</key>
		<dict>
			<key>fileEncoding</key>
			<string>4</string>
			<key>isa</key>
			<string>PBXFileReference</string>
			<key>lastKnownFileType</key>
			<string>file.xib</string>
			<key>path</key>
			<string>AutoLoopView.xib</string>
			<key>sourceTree</key>
			<string>&lt;group&gt;</string>
		</dict>
		<key>FE0729A31CA0EEF300744762</key>
		<dict>
			<key>fileRef</key>
			<string>FE0729A21CA0EEF300744762</string>
			<key>isa</key>
			<string>PBXBuildFile</string>
		</dict>
		<key>FE0729A41CA2349000744762</key>
		<dict>
			<key>fileEncoding</key>
			<string>4</string>
			<key>isa</key>
			<string>PBXFileReference</string>
			<key>lastKnownFileType</key>
			<string>sourcecode.c.h</string>
			<key>path</key>
			<string>AutoLoopCollectionViewCell.h</string>
			<key>sourceTree</key>
			<string>&lt;group&gt;</string>
		</dict>
		<key>FE0729A51CA2349000744762</key>
		<dict>
			<key>fileEncoding</key>
			<string>4</string>
			<key>isa</key>
			<string>PBXFileReference</string>
			<key>lastKnownFileType</key>
			<string>sourcecode.c.objc</string>
			<key>path</key>
			<string>AutoLoopCollectionViewCell.m</string>
			<key>sourceTree</key>
			<string>&lt;group&gt;</string>
		</dict>
		<key>FE0729A61CA2349000744762</key>
		<dict>
			<key>fileEncoding</key>
			<string>4</string>
			<key>isa</key>
			<string>PBXFileReference</string>
			<key>lastKnownFileType</key>
			<string>file.xib</string>
			<key>path</key>
			<string>AutoLoopCollectionViewCell.xib</string>
			<key>sourceTree</key>
			<string>&lt;group&gt;</string>
		</dict>
		<key>FE0729A71CA2349000744762</key>
		<dict>
			<key>fileRef</key>
			<string>FE0729A51CA2349000744762</string>
			<key>isa</key>
			<string>PBXBuildFile</string>
		</dict>
		<key>FE0729A81CA2349000744762</key>
		<dict>
			<key>fileRef</key>
			<string>FE0729A61CA2349000744762</string>
			<key>isa</key>
			<string>PBXBuildFile</string>
		</dict>
		<key>FE3991B71C9B8C3000714375</key>
		<dict>
			<key>children</key>
			<array>
				<string>FE3991C21C9B8C3000714375</string>
				<string>8C8DD35B7EA11082094CD39E</string>
				<string>A2CAF9EE33A80CB718AD2CCA</string>
				<string>FE3991C11C9B8C3000714375</string>
			</array>
			<key>isa</key>
			<string>PBXGroup</string>
			<key>sourceTree</key>
			<string>&lt;group&gt;</string>
		</dict>
		<key>FE3991B81C9B8C3000714375</key>
		<dict>
			<key>attributes</key>
			<dict>
				<key>LastUpgradeCheck</key>
				<string>0720</string>
				<key>ORGANIZATIONNAME</key>
				<string>DEVIL</string>
				<key>TargetAttributes</key>
				<dict>
					<key>FE3991BF1C9B8C3000714375</key>
					<dict>
						<key>CreatedOnToolsVersion</key>
						<string>7.2</string>
					</dict>
				</dict>
			</dict>
			<key>buildConfigurationList</key>
			<string>FE3991BB1C9B8C3000714375</string>
			<key>compatibilityVersion</key>
			<string>Xcode 3.2</string>
			<key>developmentRegion</key>
			<string>English</string>
			<key>hasScannedForEncodings</key>
			<string>0</string>
			<key>isa</key>
			<string>PBXProject</string>
			<key>knownRegions</key>
			<array>
				<string>en</string>
				<string>Base</string>
			</array>
			<key>mainGroup</key>
			<string>FE3991B71C9B8C3000714375</string>
			<key>productRefGroup</key>
			<string>FE3991C11C9B8C3000714375</string>
			<key>projectDirPath</key>
			<string></string>
			<key>projectReferences</key>
			<array/>
			<key>projectRoot</key>
			<string></string>
			<key>targets</key>
			<array>
				<string>FE3991BF1C9B8C3000714375</string>
			</array>
		</dict>
		<key>FE3991BB1C9B8C3000714375</key>
		<dict>
			<key>buildConfigurations</key>
			<array>
				<string>FE3991D51C9B8C3000714375</string>
				<string>FE3991D61C9B8C3000714375</string>
			</array>
			<key>defaultConfigurationIsVisible</key>
			<string>0</string>
			<key>defaultConfigurationName</key>
			<string>Release</string>
			<key>isa</key>
			<string>XCConfigurationList</string>
		</dict>
		<key>FE3991BC1C9B8C3000714375</key>
		<dict>
			<key>buildActionMask</key>
			<string>2147483647</string>
			<key>files</key>
			<array>
				<string>FECEA3C81CA2854E009AE0E8</string>
				<string>FE39920D1C9BD40100714375</string>
				<string>FE0729801C9F832100744762</string>
				<string>FE07299D1CA0E98A00744762</string>
				<string>FE3992101C9BE62900714375</string>
				<string>FE0729A71CA2349000744762</string>
				<string>FE39920A1C9BD3F200714375</string>
				<string>FECEA3D31CA38245009AE0E8</string>
				<string>FECEA3CC1CA28D36009AE0E8</string>
				<string>FE0729931C9FF4EE00744762</string>
				<string>FE3992171C9D232C00714375</string>
				<string>FE0729A11CA0EEE700744762</string>
				<string>FE3992131C9BEC2600714375</string>
				<string>FECEA3D01CA37F0B009AE0E8</string>
				<string>FE0729861C9FDA5D00744762</string>
				<string>FE3991C81C9B8C3000714375</string>
				<string>FECEA3D61CA38308009AE0E8</string>
				<string>FE07298B1C9FE18E00744762</string>
				<string>FE07298F1C9FEBB100744762</string>
				<string>FE3991C51C9B8C3000714375</string>
				<string>FE07297C1C9D5A5400744762</string>
				<string>FE3991FA1C9B8ED100714375</string>
			</array>
			<key>isa</key>
			<string>PBXSourcesBuildPhase</string>
			<key>runOnlyForDeploymentPostprocessing</key>
			<string>0</string>
		</dict>
		<key>FE3991BD1C9B8C3000714375</key>
		<dict>
			<key>buildActionMask</key>
			<string>2147483647</string>
			<key>files</key>
			<array>
				<string>373A587AF700AC306F7B189F</string>
			</array>
			<key>isa</key>
			<string>PBXFrameworksBuildPhase</string>
			<key>runOnlyForDeploymentPostprocessing</key>
			<string>0</string>
		</dict>
		<key>FE3991BE1C9B8C3000714375</key>
		<dict>
			<key>buildActionMask</key>
			<string>2147483647</string>
			<key>files</key>
			<array>
				<string>FE0729871C9FDA5D00744762</string>
				<string>FE3991FB1C9B8ED100714375</string>
				<string>FE0729951C9FF5B800744762</string>
				<string>FE3991F91C9B8ED100714375</string>
				<string>FE0729811C9F832100744762</string>
				<string>FE3991D31C9B8C3000714375</string>
				<string>FE0729A31CA0EEF300744762</string>
				<string>FE0729A81CA2349000744762</string>
				<string>FE0729901C9FEBB100744762</string>
				<string>FE3992181C9D232C00714375</string>
				<string>FECEA3C91CA2854E009AE0E8</string>
			</array>
			<key>isa</key>
			<string>PBXResourcesBuildPhase</string>
			<key>runOnlyForDeploymentPostprocessing</key>
			<string>0</string>
		</dict>
		<key>FE3991BF1C9B8C3000714375</key>
		<dict>
			<key>buildConfigurationList</key>
			<string>FE3991D71C9B8C3000714375</string>
			<key>buildPhases</key>
			<array>
				<string>119DD9127C16B92CB1A439EC</string>
				<string>FE3991BC1C9B8C3000714375</string>
				<string>FE3991BD1C9B8C3000714375</string>
				<string>FE3991BE1C9B8C3000714375</string>
				<string>558A7B6BD07E0545D8EB8863</string>
				<string>A907512F1B490B6B3DBD5AEB</string>
			</array>
			<key>buildRules</key>
			<array/>
			<key>dependencies</key>
			<array/>
			<key>isa</key>
			<string>PBXNativeTarget</string>
			<key>name</key>
			<string>FakeDaily</string>
			<key>productName</key>
			<string>FakeDaily</string>
			<key>productReference</key>
			<string>FE3991C01C9B8C3000714375</string>
			<key>productType</key>
			<string>com.apple.product-type.application</string>
		</dict>
		<key>FE3991C01C9B8C3000714375</key>
		<dict>
			<key>explicitFileType</key>
			<string>wrapper.application</string>
			<key>includeInIndex</key>
			<string>0</string>
			<key>isa</key>
			<string>PBXFileReference</string>
			<key>path</key>
			<string>FakeDaily.app</string>
			<key>sourceTree</key>
			<string>BUILT_PRODUCTS_DIR</string>
		</dict>
		<key>FE3991C11C9B8C3000714375</key>
		<dict>
			<key>children</key>
			<array>
				<string>FE3991C01C9B8C3000714375</string>
			</array>
			<key>isa</key>
			<string>PBXGroup</string>
			<key>name</key>
			<string>Products</string>
			<key>sourceTree</key>
			<string>&lt;group&gt;</string>
		</dict>
		<key>FE3991C21C9B8C3000714375</key>
		<dict>
			<key>children</key>
			<array>
				<string>FE3991C31C9B8C3000714375</string>
				<string>FE3991E81C9B8ED100714375</string>
				<string>FE3991E91C9B8ED100714375</string>
				<string>FE3991EB1C9B8ED100714375</string>
			</array>
			<key>isa</key>
			<string>PBXGroup</string>
			<key>path</key>
			<string>FakeDaily</string>
			<key>sourceTree</key>
			<string>&lt;group&gt;</string>
		</dict>
		<key>FE3991C31C9B8C3000714375</key>
		<dict>
			<key>children</key>
			<array>
				<string>FE3991D41C9B8C3000714375</string>
				<string>FE3991D11C9B8C3000714375</string>
				<string>FE3991FF1C9B90C100714375</string>
				<string>FE3991C41C9B8C3000714375</string>
			</array>
			<key>isa</key>
			<string>PBXGroup</string>
			<key>name</key>
			<string>Supporting Files</string>
			<key>path</key>
			<string>Supporting Files</string>
			<key>sourceTree</key>
			<string>&lt;group&gt;</string>
		</dict>
		<key>FE3991C41C9B8C3000714375</key>
		<dict>
			<key>isa</key>
			<string>PBXFileReference</string>
			<key>lastKnownFileType</key>
			<string>sourcecode.c.objc</string>
			<key>path</key>
			<string>main.m</string>
			<key>sourceTree</key>
			<string>&lt;group&gt;</string>
		</dict>
		<key>FE3991C51C9B8C3000714375</key>
		<dict>
			<key>fileRef</key>
			<string>FE3991C41C9B8C3000714375</string>
			<key>isa</key>
			<string>PBXBuildFile</string>
		</dict>
		<key>FE3991C61C9B8C3000714375</key>
		<dict>
			<key>isa</key>
			<string>PBXFileReference</string>
			<key>lastKnownFileType</key>
			<string>sourcecode.c.h</string>
			<key>name</key>
			<string>AppDelegate.h</string>
			<key>path</key>
			<string>AppDelegate.h</string>
			<key>sourceTree</key>
			<string>&lt;group&gt;</string>
		</dict>
		<key>FE3991C71C9B8C3000714375</key>
		<dict>
			<key>isa</key>
			<string>PBXFileReference</string>
			<key>lastKnownFileType</key>
			<string>sourcecode.c.objc</string>
			<key>name</key>
			<string>AppDelegate.m</string>
			<key>path</key>
			<string>AppDelegate.m</string>
			<key>sourceTree</key>
			<string>&lt;group&gt;</string>
		</dict>
		<key>FE3991C81C9B8C3000714375</key>
		<dict>
			<key>fileRef</key>
			<string>FE3991C71C9B8C3000714375</string>
			<key>isa</key>
			<string>PBXBuildFile</string>
		</dict>
		<key>FE3991D11C9B8C3000714375</key>
		<dict>
			<key>children</key>
			<array>
				<string>FE3991D21C9B8C3000714375</string>
			</array>
			<key>isa</key>
			<string>PBXVariantGroup</string>
			<key>name</key>
			<string>LaunchScreen.storyboard</string>
			<key>path</key>
			<string>.</string>
			<key>sourceTree</key>
			<string>&lt;group&gt;</string>
		</dict>
		<key>FE3991D21C9B8C3000714375</key>
		<dict>
			<key>isa</key>
			<string>PBXFileReference</string>
			<key>lastKnownFileType</key>
			<string>file.storyboard</string>
			<key>name</key>
			<string>Base</string>
			<key>path</key>
			<string>Base.lproj/LaunchScreen.storyboard</string>
			<key>sourceTree</key>
			<string>&lt;group&gt;</string>
		</dict>
		<key>FE3991D31C9B8C3000714375</key>
		<dict>
			<key>fileRef</key>
			<string>FE3991D11C9B8C3000714375</string>
			<key>isa</key>
			<string>PBXBuildFile</string>
		</dict>
		<key>FE3991D41C9B8C3000714375</key>
		<dict>
			<key>isa</key>
			<string>PBXFileReference</string>
			<key>lastKnownFileType</key>
			<string>text.plist.xml</string>
			<key>path</key>
			<string>Info.plist</string>
			<key>sourceTree</key>
			<string>&lt;group&gt;</string>
		</dict>
		<key>FE3991D51C9B8C3000714375</key>
		<dict>
			<key>buildSettings</key>
			<dict>
				<key>ALWAYS_SEARCH_USER_PATHS</key>
				<string>NO</string>
				<key>CLANG_CXX_LANGUAGE_STANDARD</key>
				<string>gnu++0x</string>
				<key>CLANG_CXX_LIBRARY</key>
				<string>libc++</string>
				<key>CLANG_ENABLE_MODULES</key>
				<string>YES</string>
				<key>CLANG_ENABLE_OBJC_ARC</key>
				<string>YES</string>
				<key>CLANG_WARN_BOOL_CONVERSION</key>
				<string>YES</string>
				<key>CLANG_WARN_CONSTANT_CONVERSION</key>
				<string>YES</string>
				<key>CLANG_WARN_DIRECT_OBJC_ISA_USAGE</key>
				<string>YES_ERROR</string>
				<key>CLANG_WARN_EMPTY_BODY</key>
				<string>YES</string>
				<key>CLANG_WARN_ENUM_CONVERSION</key>
				<string>YES</string>
				<key>CLANG_WARN_INT_CONVERSION</key>
				<string>YES</string>
				<key>CLANG_WARN_OBJC_ROOT_CLASS</key>
				<string>YES_ERROR</string>
				<key>CLANG_WARN_UNREACHABLE_CODE</key>
				<string>YES</string>
				<key>CLANG_WARN__DUPLICATE_METHOD_MATCH</key>
				<string>YES</string>
				<key>CODE_SIGN_IDENTITY[sdk=iphoneos*]</key>
				<string>iPhone Developer</string>
				<key>COPY_PHASE_STRIP</key>
				<string>NO</string>
				<key>DEBUG_INFORMATION_FORMAT</key>
				<string>dwarf</string>
				<key>ENABLE_STRICT_OBJC_MSGSEND</key>
				<string>YES</string>
				<key>ENABLE_TESTABILITY</key>
				<string>YES</string>
				<key>GCC_C_LANGUAGE_STANDARD</key>
				<string>gnu99</string>
				<key>GCC_DYNAMIC_NO_PIC</key>
				<string>NO</string>
				<key>GCC_NO_COMMON_BLOCKS</key>
				<string>YES</string>
				<key>GCC_OPTIMIZATION_LEVEL</key>
				<string>0</string>
				<key>GCC_PREPROCESSOR_DEFINITIONS</key>
				<array>
					<string>DEBUG=1</string>
					<string>$(inherited)</string>
				</array>
				<key>GCC_WARN_64_TO_32_BIT_CONVERSION</key>
				<string>YES</string>
				<key>GCC_WARN_ABOUT_RETURN_TYPE</key>
				<string>YES_ERROR</string>
				<key>GCC_WARN_UNDECLARED_SELECTOR</key>
				<string>YES</string>
				<key>GCC_WARN_UNINITIALIZED_AUTOS</key>
				<string>YES_AGGRESSIVE</string>
				<key>GCC_WARN_UNUSED_FUNCTION</key>
				<string>YES</string>
				<key>GCC_WARN_UNUSED_VARIABLE</key>
				<string>YES</string>
				<key>IPHONEOS_DEPLOYMENT_TARGET</key>
				<string>9.2</string>
				<key>MTL_ENABLE_DEBUG_INFO</key>
				<string>YES</string>
				<key>ONLY_ACTIVE_ARCH</key>
				<string>YES</string>
				<key>SDKROOT</key>
				<string>iphoneos</string>
			</dict>
			<key>isa</key>
			<string>XCBuildConfiguration</string>
			<key>name</key>
			<string>Debug</string>
		</dict>
		<key>FE3991D61C9B8C3000714375</key>
		<dict>
			<key>buildSettings</key>
			<dict>
				<key>ALWAYS_SEARCH_USER_PATHS</key>
				<string>NO</string>
				<key>CLANG_CXX_LANGUAGE_STANDARD</key>
				<string>gnu++0x</string>
				<key>CLANG_CXX_LIBRARY</key>
				<string>libc++</string>
				<key>CLANG_ENABLE_MODULES</key>
				<string>YES</string>
				<key>CLANG_ENABLE_OBJC_ARC</key>
				<string>YES</string>
				<key>CLANG_WARN_BOOL_CONVERSION</key>
				<string>YES</string>
				<key>CLANG_WARN_CONSTANT_CONVERSION</key>
				<string>YES</string>
				<key>CLANG_WARN_DIRECT_OBJC_ISA_USAGE</key>
				<string>YES_ERROR</string>
				<key>CLANG_WARN_EMPTY_BODY</key>
				<string>YES</string>
				<key>CLANG_WARN_ENUM_CONVERSION</key>
				<string>YES</string>
				<key>CLANG_WARN_INT_CONVERSION</key>
				<string>YES</string>
				<key>CLANG_WARN_OBJC_ROOT_CLASS</key>
				<string>YES_ERROR</string>
				<key>CLANG_WARN_UNREACHABLE_CODE</key>
				<string>YES</string>
				<key>CLANG_WARN__DUPLICATE_METHOD_MATCH</key>
				<string>YES</string>
				<key>CODE_SIGN_IDENTITY[sdk=iphoneos*]</key>
				<string>iPhone Developer</string>
				<key>COPY_PHASE_STRIP</key>
				<string>NO</string>
				<key>DEBUG_INFORMATION_FORMAT</key>
				<string>dwarf-with-dsym</string>
				<key>ENABLE_NS_ASSERTIONS</key>
				<string>NO</string>
				<key>ENABLE_STRICT_OBJC_MSGSEND</key>
				<string>YES</string>
				<key>GCC_C_LANGUAGE_STANDARD</key>
				<string>gnu99</string>
				<key>GCC_NO_COMMON_BLOCKS</key>
				<string>YES</string>
				<key>GCC_WARN_64_TO_32_BIT_CONVERSION</key>
				<string>YES</string>
				<key>GCC_WARN_ABOUT_RETURN_TYPE</key>
				<string>YES_ERROR</string>
				<key>GCC_WARN_UNDECLARED_SELECTOR</key>
				<string>YES</string>
				<key>GCC_WARN_UNINITIALIZED_AUTOS</key>
				<string>YES_AGGRESSIVE</string>
				<key>GCC_WARN_UNUSED_FUNCTION</key>
				<string>YES</string>
				<key>GCC_WARN_UNUSED_VARIABLE</key>
				<string>YES</string>
				<key>IPHONEOS_DEPLOYMENT_TARGET</key>
				<string>9.2</string>
				<key>MTL_ENABLE_DEBUG_INFO</key>
				<string>NO</string>
				<key>SDKROOT</key>
				<string>iphoneos</string>
				<key>VALIDATE_PRODUCT</key>
				<string>YES</string>
			</dict>
			<key>isa</key>
			<string>XCBuildConfiguration</string>
			<key>name</key>
			<string>Release</string>
		</dict>
		<key>FE3991D71C9B8C3000714375</key>
		<dict>
			<key>buildConfigurations</key>
			<array>
				<string>FE3991D81C9B8C3000714375</string>
				<string>FE3991D91C9B8C3000714375</string>
			</array>
			<key>defaultConfigurationIsVisible</key>
			<string>0</string>
			<key>defaultConfigurationName</key>
			<string>Release</string>
			<key>isa</key>
			<string>XCConfigurationList</string>
		</dict>
		<key>FE3991D81C9B8C3000714375</key>
		<dict>
			<key>baseConfigurationReference</key>
			<string>C62AA3B9679AE7BCC401896E</string>
			<key>buildSettings</key>
			<dict>
				<key>ASSETCATALOG_COMPILER_APPICON_NAME</key>
				<string>AppIcon</string>
				<key>GCC_PRECOMPILE_PREFIX_HEADER</key>
				<string>NO</string>
				<key>GCC_PREFIX_HEADER</key>
				<string>$(SRCROOT)/FakeDaily/prefixHeader.pch</string>
				<key>INFOPLIST_FILE</key>
				<string>FakeDaily/Supporting Files/Info.plist</string>
				<key>LD_RUNPATH_SEARCH_PATHS</key>
				<string>$(inherited) @executable_path/Frameworks</string>
				<key>PRODUCT_BUNDLE_IDENTIFIER</key>
				<string>com.devil.FakeDaily</string>
				<key>PRODUCT_NAME</key>
				<string>$(TARGET_NAME)</string>
			</dict>
			<key>isa</key>
			<string>XCBuildConfiguration</string>
			<key>name</key>
			<string>Debug</string>
		</dict>
		<key>FE3991D91C9B8C3000714375</key>
		<dict>
			<key>baseConfigurationReference</key>
			<string>9B2EB0DA6D6F09A2746709A0</string>
			<key>buildSettings</key>
			<dict>
				<key>ASSETCATALOG_COMPILER_APPICON_NAME</key>
				<string>AppIcon</string>
				<key>GCC_PRECOMPILE_PREFIX_HEADER</key>
				<string>NO</string>
				<key>GCC_PREFIX_HEADER</key>
				<string>$(SRCROOT)/FakeDaily/prefixHeader.pch</string>
				<key>INFOPLIST_FILE</key>
				<string>FakeDaily/Supporting Files/Info.plist</string>
				<key>LD_RUNPATH_SEARCH_PATHS</key>
				<string>$(inherited) @executable_path/Frameworks</string>
				<key>PRODUCT_BUNDLE_IDENTIFIER</key>
				<string>com.devil.FakeDaily</string>
				<key>PRODUCT_NAME</key>
				<string>$(TARGET_NAME)</string>
			</dict>
			<key>isa</key>
			<string>XCBuildConfiguration</string>
			<key>name</key>
			<string>Release</string>
		</dict>
		<key>FE3991E81C9B8ED100714375</key>
		<dict>
			<key>children</key>
			<array/>
			<key>isa</key>
			<string>PBXGroup</string>
			<key>path</key>
			<string>include</string>
			<key>sourceTree</key>
			<string>&lt;group&gt;</string>
		</dict>
		<key>FE3991E91C9B8ED100714375</key>
		<dict>
			<key>children</key>
			<array>
				<string>FE3991EA1C9B8ED100714375</string>
			</array>
			<key>isa</key>
			<string>PBXGroup</string>
			<key>path</key>
			<string>res</string>
			<key>sourceTree</key>
			<string>&lt;group&gt;</string>
		</dict>
		<key>FE3991EA1C9B8ED100714375</key>
		<dict>
			<key>isa</key>
			<string>PBXFileReference</string>
			<key>lastKnownFileType</key>
			<string>folder.assetcatalog</string>
			<key>path</key>
			<string>Assets.xcassets</string>
			<key>sourceTree</key>
			<string>&lt;group&gt;</string>
		</dict>
		<key>FE3991EB1C9B8ED100714375</key>
		<dict>
			<key>children</key>
			<array>
				<string>FE3991EC1C9B8ED100714375</string>
				<string>FE3991FD1C9B8FFF00714375</string>
				<string>FE3991F61C9B8ED100714375</string>
				<string>FE3991FC1C9B8F1600714375</string>
				<string>FE3991F81C9B8ED100714375</string>
				<string>FE3991C61C9B8C3000714375</string>
				<string>FE3991C71C9B8C3000714375</string>
			</array>
			<key>isa</key>
			<string>PBXGroup</string>
			<key>path</key>
			<string>src</string>
			<key>sourceTree</key>
			<string>&lt;group&gt;</string>
		</dict>
		<key>FE3991EC1C9B8ED100714375</key>
		<dict>
			<key>children</key>
			<array>
				<string>FE3991ED1C9B8ED100714375</string>
				<string>FE3991EE1C9B8ED100714375</string>
				<string>FE3991EF1C9B8ED100714375</string>
				<string>FE3991F01C9B8ED100714375</string>
				<string>FE3991F41C9B8ED100714375</string>
				<string>FE3991F51C9B8ED100714375</string>
			</array>
			<key>isa</key>
			<string>PBXGroup</string>
			<key>path</key>
			<string>Controller</string>
			<key>sourceTree</key>
			<string>&lt;group&gt;</string>
		</dict>
		<key>FE3991ED1C9B8ED100714375</key>
		<dict>
			<key>children</key>
			<array>
				<string>FE07298C1C9FEBB100744762</string>
				<string>FE07298D1C9FEBB100744762</string>
				<string>FE07298E1C9FEBB100744762</string>
				<string>FE3992141C9D232C00714375</string>
				<string>FE3992151C9D232C00714375</string>
				<string>FE3992161C9D232C00714375</string>
			</array>
			<key>isa</key>
			<string>PBXGroup</string>
			<key>path</key>
			<string>Base</string>
			<key>sourceTree</key>
			<string>&lt;group&gt;</string>
		</dict>
		<key>FE3991EE1C9B8ED100714375</key>
		<dict>
			<key>children</key>
			<array/>
			<key>isa</key>
			<string>PBXGroup</string>
			<key>path</key>
			<string>Detail</string>
			<key>sourceTree</key>
			<string>&lt;group&gt;</string>
		</dict>
		<key>FE3991EF1C9B8ED100714375</key>
		<dict>
			<key>children</key>
			<array>
				<string>FE07299B1CA0E98A00744762</string>
				<string>FE07299C1CA0E98A00744762</string>
			</array>
			<key>isa</key>
			<string>PBXGroup</string>
			<key>path</key>
			<string>HomePage</string>
			<key>sourceTree</key>
			<string>&lt;group&gt;</string>
		</dict>
		<key>FE3991F01C9B8ED100714375</key>
		<dict>
			<key>children</key>
			<array>
				<string>FE3991F11C9B8ED100714375</string>
				<string>FE3991F21C9B8ED100714375</string>
				<string>FE3991F31C9B8ED100714375</string>
			</array>
			<key>isa</key>
			<string>PBXGroup</string>
			<key>path</key>
			<string>Launch</string>
			<key>sourceTree</key>
			<string>&lt;group&gt;</string>
		</dict>
		<key>FE3991F11C9B8ED100714375</key>
		<dict>
			<key>fileEncoding</key>
			<string>4</string>
			<key>isa</key>
			<string>PBXFileReference</string>
			<key>lastKnownFileType</key>
			<string>sourcecode.c.h</string>
			<key>path</key>
			<string>LaucherViewController.h</string>
			<key>sourceTree</key>
			<string>&lt;group&gt;</string>
		</dict>
		<key>FE3991F21C9B8ED100714375</key>
		<dict>
			<key>fileEncoding</key>
			<string>4</string>
			<key>isa</key>
			<string>PBXFileReference</string>
			<key>lastKnownFileType</key>
			<string>sourcecode.c.objc</string>
			<key>path</key>
			<string>LaucherViewController.m</string>
			<key>sourceTree</key>
			<string>&lt;group&gt;</string>
		</dict>
		<key>FE3991F31C9B8ED100714375</key>
		<dict>
			<key>fileEncoding</key>
			<string>4</string>
			<key>isa</key>
			<string>PBXFileReference</string>
			<key>lastKnownFileType</key>
			<string>file.xib</string>
			<key>path</key>
			<string>LaucherViewController.xib</string>
			<key>sourceTree</key>
			<string>&lt;group&gt;</string>
		</dict>
		<key>FE3991F41C9B8ED100714375</key>
		<dict>
			<key>children</key>
			<array>
				<string>FE07297D1C9F832100744762</string>
				<string>FE07297E1C9F832100744762</string>
				<string>FE07297F1C9F832100744762</string>
			</array>
			<key>isa</key>
			<string>PBXGroup</string>
			<key>path</key>
			<string>LeftDrawer</string>
			<key>sourceTree</key>
			<string>&lt;group&gt;</string>
		</dict>
		<key>FE3991F51C9B8ED100714375</key>
		<dict>
			<key>children</key>
			<array/>
			<key>isa</key>
			<string>PBXGroup</string>
			<key>path</key>
			<string>Setting</string>
			<key>sourceTree</key>
			<string>&lt;group&gt;</string>
		</dict>
		<key>FE3991F61C9B8ED100714375</key>
		<dict>
			<key>children</key>
			<array>
				<string>FECEA3CD1CA37EE4009AE0E8</string>
				<string>FE0729881C9FE05800744762</string>
				<string>FE3992111C9BEC2600714375</string>
				<string>FE3992121C9BEC2600714375</string>
				<string>FE3992081C9BD3F200714375</string>
				<string>FE3992091C9BD3F200714375</string>
				<string>FE39920B1C9BD40100714375</string>
				<string>FE39920C1C9BD40100714375</string>
			</array>
			<key>isa</key>
			<string>PBXGroup</string>
			<key>path</key>
			<string>Model</string>
			<key>sourceTree</key>
			<string>&lt;group&gt;</string>
		</dict>
		<key>FE3991F81C9B8ED100714375</key>
		<dict>
			<key>children</key>
			<array>
				<string>FECEA3C41CA2851F009AE0E8</string>
				<string>FE07299E1CA0EECA00744762</string>
				<string>FE0729821C9FDA2F00744762</string>
			</array>
			<key>isa</key>
			<string>PBXGroup</string>
			<key>path</key>
			<string>View</string>
			<key>sourceTree</key>
			<string>&lt;group&gt;</string>
		</dict>
		<key>FE3991F91C9B8ED100714375</key>
		<dict>
			<key>fileRef</key>
			<string>FE3991EA1C9B8ED100714375</string>
			<key>isa</key>
			<string>PBXBuildFile</string>
		</dict>
		<key>FE3991FA1C9B8ED100714375</key>
		<dict>
			<key>fileRef</key>
			<string>FE3991F21C9B8ED100714375</string>
			<key>isa</key>
			<string>PBXBuildFile</string>
		</dict>
		<key>FE3991FB1C9B8ED100714375</key>
		<dict>
			<key>fileRef</key>
			<string>FE3991F31C9B8ED100714375</string>
			<key>isa</key>
			<string>PBXBuildFile</string>
		</dict>
		<key>FE3991FC1C9B8F1600714375</key>
		<dict>
			<key>children</key>
			<array>
				<string>FE0729911C9FF4EE00744762</string>
				<string>FE0729921C9FF4EE00744762</string>
				<string>FE0729941C9FF5B800744762</string>
				<string>FE39920E1C9BE62900714375</string>
				<string>FE39920F1C9BE62900714375</string>
				<string>FE07297A1C9D5A5400744762</string>
				<string>FE07297B1C9D5A5400744762</string>
			</array>
			<key>isa</key>
			<string>PBXGroup</string>
			<key>path</key>
			<string>Utility</string>
			<key>sourceTree</key>
			<string>&lt;group&gt;</string>
		</dict>
		<key>FE3991FD1C9B8FFF00714375</key>
		<dict>
			<key>children</key>
			<array>
				<string>FE3991FE1C9B902500714375</string>
			</array>
			<key>isa</key>
			<string>PBXGroup</string>
			<key>path</key>
			<string>Definition</string>
			<key>sourceTree</key>
			<string>&lt;group&gt;</string>
		</dict>
		<key>FE3991FE1C9B902500714375</key>
		<dict>
			<key>isa</key>
			<string>PBXFileReference</string>
			<key>lastKnownFileType</key>
			<string>sourcecode.c.h</string>
			<key>path</key>
			<string>GlobalDefinition.h</string>
			<key>sourceTree</key>
			<string>&lt;group&gt;</string>
		</dict>
		<key>FE3991FF1C9B90C100714375</key>
		<dict>
			<key>isa</key>
			<string>PBXFileReference</string>
			<key>lastKnownFileType</key>
			<string>sourcecode.c.h</string>
			<key>path</key>
			<string>PrefixHeader.pch</string>
			<key>sourceTree</key>
			<string>&lt;group&gt;</string>
		</dict>
		<key>FE3992081C9BD3F200714375</key>
		<dict>
			<key>fileEncoding</key>
			<string>4</string>
			<key>isa</key>
			<string>PBXFileReference</string>
			<key>lastKnownFileType</key>
			<string>sourcecode.c.h</string>
			<key>path</key>
			<string>CoreManager.h</string>
			<key>sourceTree</key>
			<string>&lt;group&gt;</string>
		</dict>
		<key>FE3992091C9BD3F200714375</key>
		<dict>
			<key>fileEncoding</key>
			<string>4</string>
			<key>isa</key>
			<string>PBXFileReference</string>
			<key>lastKnownFileType</key>
			<string>sourcecode.c.objc</string>
			<key>path</key>
			<string>CoreManager.m</string>
			<key>sourceTree</key>
			<string>&lt;group&gt;</string>
		</dict>
		<key>FE39920A1C9BD3F200714375</key>
		<dict>
			<key>fileRef</key>
			<string>FE3992091C9BD3F200714375</string>
			<key>isa</key>
			<string>PBXBuildFile</string>
		</dict>
		<key>FE39920B1C9BD40100714375</key>
		<dict>
			<key>fileEncoding</key>
			<string>4</string>
			<key>isa</key>
			<string>PBXFileReference</string>
			<key>lastKnownFileType</key>
			<string>sourcecode.c.h</string>
			<key>path</key>
			<string>HttpManager.h</string>
			<key>sourceTree</key>
			<string>&lt;group&gt;</string>
		</dict>
		<key>FE39920C1C9BD40100714375</key>
		<dict>
			<key>fileEncoding</key>
			<string>4</string>
			<key>isa</key>
			<string>PBXFileReference</string>
			<key>lastKnownFileType</key>
			<string>sourcecode.c.objc</string>
			<key>path</key>
			<string>HttpManager.m</string>
			<key>sourceTree</key>
			<string>&lt;group&gt;</string>
		</dict>
		<key>FE39920D1C9BD40100714375</key>
		<dict>
			<key>fileRef</key>
			<string>FE39920C1C9BD40100714375</string>
			<key>isa</key>
			<string>PBXBuildFile</string>
		</dict>
		<key>FE39920E1C9BE62900714375</key>
		<dict>
			<key>fileEncoding</key>
			<string>4</string>
			<key>isa</key>
			<string>PBXFileReference</string>
			<key>lastKnownFileType</key>
			<string>sourcecode.c.h</string>
			<key>path</key>
			<string>UIImageView+Ex.h</string>
			<key>sourceTree</key>
			<string>&lt;group&gt;</string>
		</dict>
		<key>FE39920F1C9BE62900714375</key>
		<dict>
			<key>fileEncoding</key>
			<string>4</string>
			<key>isa</key>
			<string>PBXFileReference</string>
			<key>lastKnownFileType</key>
			<string>sourcecode.c.objc</string>
			<key>path</key>
			<string>UIImageView+Ex.m</string>
			<key>sourceTree</key>
			<string>&lt;group&gt;</string>
		</dict>
		<key>FE3992101C9BE62900714375</key>
		<dict>
			<key>fileRef</key>
			<string>FE39920F1C9BE62900714375</string>
			<key>isa</key>
			<string>PBXBuildFile</string>
		</dict>
		<key>FE3992111C9BEC2600714375</key>
		<dict>
			<key>fileEncoding</key>
			<string>4</string>
			<key>isa</key>
			<string>PBXFileReference</string>
			<key>lastKnownFileType</key>
			<string>sourcecode.c.h</string>
			<key>path</key>
			<string>CoreManager+MainInfo.h</string>
			<key>sourceTree</key>
			<string>&lt;group&gt;</string>
		</dict>
		<key>FE3992121C9BEC2600714375</key>
		<dict>
			<key>fileEncoding</key>
			<string>4</string>
			<key>isa</key>
			<string>PBXFileReference</string>
			<key>lastKnownFileType</key>
			<string>sourcecode.c.objc</string>
			<key>path</key>
			<string>CoreManager+MainInfo.m</string>
			<key>sourceTree</key>
			<string>&lt;group&gt;</string>
		</dict>
		<key>FE3992131C9BEC2600714375</key>
		<dict>
			<key>fileRef</key>
			<string>FE3992121C9BEC2600714375</string>
			<key>isa</key>
			<string>PBXBuildFile</string>
		</dict>
		<key>FE3992141C9D232C00714375</key>
		<dict>
			<key>fileEncoding</key>
			<string>4</string>
			<key>isa</key>
			<string>PBXFileReference</string>
			<key>lastKnownFileType</key>
			<string>sourcecode.c.h</string>
			<key>path</key>
			<string>MainViewController.h</string>
			<key>sourceTree</key>
			<string>&lt;group&gt;</string>
		</dict>
		<key>FE3992151C9D232C00714375</key>
		<dict>
			<key>fileEncoding</key>
			<string>4</string>
			<key>isa</key>
			<string>PBXFileReference</string>
			<key>lastKnownFileType</key>
			<string>sourcecode.c.objc</string>
			<key>path</key>
			<string>MainViewController.m</string>
			<key>sourceTree</key>
			<string>&lt;group&gt;</string>
		</dict>
		<key>FE3992161C9D232C00714375</key>
		<dict>
			<key>fileEncoding</key>
			<string>4</string>
			<key>isa</key>
			<string>PBXFileReference</string>
			<key>lastKnownFileType</key>
			<string>file.xib</string>
			<key>path</key>
			<string>MainViewController.xib</string>
			<key>sourceTree</key>
			<string>&lt;group&gt;</string>
		</dict>
		<key>FE3992171C9D232C00714375</key>
		<dict>
			<key>fileRef</key>
			<string>FE3992151C9D232C00714375</string>
			<key>isa</key>
			<string>PBXBuildFile</string>
		</dict>
		<key>FE3992181C9D232C00714375</key>
		<dict>
			<key>fileRef</key>
			<string>FE3992161C9D232C00714375</string>
			<key>isa</key>
			<string>PBXBuildFile</string>
		</dict>
		<key>FECEA3C41CA2851F009AE0E8</key>
		<dict>
			<key>children</key>
			<array>
				<string>FECEA3C51CA2854E009AE0E8</string>
				<string>FECEA3C61CA2854E009AE0E8</string>
				<string>FECEA3C71CA2854E009AE0E8</string>
				<string>FECEA3CA1CA28D36009AE0E8</string>
				<string>FECEA3CB1CA28D36009AE0E8</string>
			</array>
			<key>isa</key>
			<string>PBXGroup</string>
			<key>path</key>
			<string>Base</string>
			<key>sourceTree</key>
			<string>&lt;group&gt;</string>
		</dict>
		<key>FECEA3C51CA2854E009AE0E8</key>
		<dict>
			<key>fileEncoding</key>
			<string>4</string>
			<key>isa</key>
			<string>PBXFileReference</string>
			<key>lastKnownFileType</key>
			<string>sourcecode.c.h</string>
			<key>path</key>
			<string>BaseTableViewCell.h</string>
			<key>sourceTree</key>
			<string>&lt;group&gt;</string>
		</dict>
		<key>FECEA3C61CA2854E009AE0E8</key>
		<dict>
			<key>fileEncoding</key>
			<string>4</string>
			<key>isa</key>
			<string>PBXFileReference</string>
			<key>lastKnownFileType</key>
			<string>sourcecode.c.objc</string>
			<key>path</key>
			<string>BaseTableViewCell.m</string>
			<key>sourceTree</key>
			<string>&lt;group&gt;</string>
		</dict>
		<key>FECEA3C71CA2854E009AE0E8</key>
		<dict>
			<key>fileEncoding</key>
			<string>4</string>
			<key>isa</key>
			<string>PBXFileReference</string>
			<key>lastKnownFileType</key>
			<string>file.xib</string>
			<key>path</key>
			<string>BaseTableViewCell.xib</string>
			<key>sourceTree</key>
			<string>&lt;group&gt;</string>
		</dict>
		<key>FECEA3C81CA2854E009AE0E8</key>
		<dict>
			<key>fileRef</key>
			<string>FECEA3C61CA2854E009AE0E8</string>
			<key>isa</key>
			<string>PBXBuildFile</string>
		</dict>
		<key>FECEA3C91CA2854E009AE0E8</key>
		<dict>
			<key>fileRef</key>
			<string>FECEA3C71CA2854E009AE0E8</string>
			<key>isa</key>
			<string>PBXBuildFile</string>
		</dict>
		<key>FECEA3CA1CA28D36009AE0E8</key>
		<dict>
			<key>fileEncoding</key>
			<string>4</string>
			<key>isa</key>
			<string>PBXFileReference</string>
			<key>lastKnownFileType</key>
			<string>sourcecode.c.h</string>
			<key>path</key>
			<string>BaseTableViewHeaderView.h</string>
			<key>sourceTree</key>
			<string>&lt;group&gt;</string>
		</dict>
		<key>FECEA3CB1CA28D36009AE0E8</key>
		<dict>
			<key>fileEncoding</key>
			<string>4</string>
			<key>isa</key>
			<string>PBXFileReference</string>
			<key>lastKnownFileType</key>
			<string>sourcecode.c.objc</string>
			<key>path</key>
			<string>BaseTableViewHeaderView.m</string>
			<key>sourceTree</key>
			<string>&lt;group&gt;</string>
		</dict>
		<key>FECEA3CC1CA28D36009AE0E8</key>
		<dict>
			<key>fileRef</key>
			<string>FECEA3CB1CA28D36009AE0E8</string>
			<key>isa</key>
			<string>PBXBuildFile</string>
		</dict>
		<key>FECEA3CD1CA37EE4009AE0E8</key>
		<dict>
			<key>children</key>
			<array>
				<string>FECEA3CE1CA37F0B009AE0E8</string>
				<string>FECEA3CF1CA37F0B009AE0E8</string>
				<string>FECEA3D11CA38245009AE0E8</string>
				<string>FECEA3D21CA38245009AE0E8</string>
				<string>FECEA3D41CA38308009AE0E8</string>
				<string>FECEA3D51CA38308009AE0E8</string>
			</array>
			<key>isa</key>
			<string>PBXGroup</string>
			<key>path</key>
			<string>HomePage</string>
			<key>sourceTree</key>
			<string>&lt;group&gt;</string>
		</dict>
		<key>FECEA3CE1CA37F0B009AE0E8</key>
		<dict>
			<key>fileEncoding</key>
			<string>4</string>
			<key>isa</key>
			<string>PBXFileReference</string>
			<key>lastKnownFileType</key>
			<string>sourcecode.c.h</string>
			<key>path</key>
			<string>HomePageVM.h</string>
			<key>sourceTree</key>
			<string>&lt;group&gt;</string>
		</dict>
		<key>FECEA3CF1CA37F0B009AE0E8</key>
		<dict>
			<key>fileEncoding</key>
			<string>4</string>
			<key>isa</key>
			<string>PBXFileReference</string>
			<key>lastKnownFileType</key>
			<string>sourcecode.c.objc</string>
			<key>path</key>
			<string>HomePageVM.m</string>
			<key>sourceTree</key>
			<string>&lt;group&gt;</string>
		</dict>
		<key>FECEA3D01CA37F0B009AE0E8</key>
		<dict>
			<key>fileRef</key>
			<string>FECEA3CF1CA37F0B009AE0E8</string>
			<key>isa</key>
			<string>PBXBuildFile</string>
		</dict>
		<key>FECEA3D11CA38245009AE0E8</key>
		<dict>
			<key>fileEncoding</key>
			<string>4</string>
			<key>isa</key>
			<string>PBXFileReference</string>
			<key>lastKnownFileType</key>
			<string>sourcecode.c.h</string>
			<key>path</key>
			<string>LatestNewsModel.h</string>
			<key>sourceTree</key>
			<string>&lt;group&gt;</string>
		</dict>
		<key>FECEA3D21CA38245009AE0E8</key>
		<dict>
			<key>fileEncoding</key>
			<string>4</string>
			<key>isa</key>
			<string>PBXFileReference</string>
			<key>lastKnownFileType</key>
			<string>sourcecode.c.objc</string>
			<key>path</key>
			<string>LatestNewsModel.m</string>
			<key>sourceTree</key>
			<string>&lt;group&gt;</string>
		</dict>
		<key>FECEA3D31CA38245009AE0E8</key>
		<dict>
			<key>fileRef</key>
			<string>FECEA3D21CA38245009AE0E8</string>
			<key>isa</key>
			<string>PBXBuildFile</string>
		</dict>
		<key>FECEA3D41CA38308009AE0E8</key>
		<dict>
			<key>fileEncoding</key>
			<string>4</string>
			<key>isa</key>
			<string>PBXFileReference</string>
			<key>lastKnownFileType</key>
			<string>sourcecode.c.h</string>
			<key>path</key>
			<string>SingleNewsModel.h</string>
			<key>sourceTree</key>
			<string>&lt;group&gt;</string>
		</dict>
		<key>FECEA3D51CA38308009AE0E8</key>
		<dict>
			<key>fileEncoding</key>
			<string>4</string>
			<key>isa</key>
			<string>PBXFileReference</string>
			<key>lastKnownFileType</key>
			<string>sourcecode.c.objc</string>
			<key>path</key>
			<string>SingleNewsModel.m</string>
			<key>sourceTree</key>
			<string>&lt;group&gt;</string>
		</dict>
		<key>FECEA3D61CA38308009AE0E8</key>
		<dict>
			<key>fileRef</key>
			<string>FECEA3D51CA38308009AE0E8</string>
			<key>isa</key>
			<string>PBXBuildFile</string>
		</dict>
	</dict>
	<key>rootObject</key>
	<string>FE3991B81C9B8C3000714375</string>
</dict>
</plist>
