// !$*UTF8*$!
{
	archiveVersion = 1;
	classes = {
	};
	objectVersion = 46;
	objects = {

/* Begin PBXBuildFile section */
		373A587AF700AC306F7B189F /* libPods.a in Frameworks */ = {isa = PBXBuildFile; fileRef = 05E86F48DA7EA61D10485705 /* libPods.a */; };
		FE07297C1C9D5A5400744762 /* UIView+Ex.m in Sources */ = {isa = PBXBuildFile; fileRef = FE07297B1C9D5A5400744762 /* UIView+Ex.m */; };
		FE0729801C9F832100744762 /* LeftViewController.m in Sources */ = {isa = PBXBuildFile; fileRef = FE07297E1C9F832100744762 /* LeftViewController.m */; };
		FE0729811C9F832100744762 /* LeftViewController.xib in Resources */ = {isa = PBXBuildFile; fileRef = FE07297F1C9F832100744762 /* LeftViewController.xib */; };
		FE0729861C9FDA5D00744762 /* LeftTableViewCell.m in Sources */ = {isa = PBXBuildFile; fileRef = FE0729841C9FDA5D00744762 /* LeftTableViewCell.m */; };
		FE0729871C9FDA5D00744762 /* LeftTableViewCell.xib in Resources */ = {isa = PBXBuildFile; fileRef = FE0729851C9FDA5D00744762 /* LeftTableViewCell.xib */; };
		FE07298B1C9FE18E00744762 /* LeftDataModel.m in Sources */ = {isa = PBXBuildFile; fileRef = FE07298A1C9FE18E00744762 /* LeftDataModel.m */; };
		FE07298F1C9FEBB100744762 /* BaseViewController.m in Sources */ = {isa = PBXBuildFile; fileRef = FE07298D1C9FEBB100744762 /* BaseViewController.m */; };
		FE0729901C9FEBB100744762 /* BaseViewController.xib in Resources */ = {isa = PBXBuildFile; fileRef = FE07298E1C9FEBB100744762 /* BaseViewController.xib */; };
		FE0729931C9FF4EE00744762 /* RefreshView.m in Sources */ = {isa = PBXBuildFile; fileRef = FE0729921C9FF4EE00744762 /* RefreshView.m */; };
		FE0729951C9FF5B800744762 /* RefreshView.xib in Resources */ = {isa = PBXBuildFile; fileRef = FE0729941C9FF5B800744762 /* RefreshView.xib */; };
		FE07299D1CA0E98A00744762 /* HomePageViewController.m in Sources */ = {isa = PBXBuildFile; fileRef = FE07299C1CA0E98A00744762 /* HomePageViewController.m */; };
		FE0729A11CA0EEE700744762 /* AutoLoopView.m in Sources */ = {isa = PBXBuildFile; fileRef = FE0729A01CA0EEE700744762 /* AutoLoopView.m */; };
		FE0729A31CA0EEF300744762 /* AutoLoopView.xib in Resources */ = {isa = PBXBuildFile; fileRef = FE0729A21CA0EEF300744762 /* AutoLoopView.xib */; };
		FE0729A71CA2349000744762 /* AutoLoopCollectionViewCell.m in Sources */ = {isa = PBXBuildFile; fileRef = FE0729A51CA2349000744762 /* AutoLoopCollectionViewCell.m */; };
		FE0729A81CA2349000744762 /* AutoLoopCollectionViewCell.xib in Resources */ = {isa = PBXBuildFile; fileRef = FE0729A61CA2349000744762 /* AutoLoopCollectionViewCell.xib */; };
		FE3991C51C9B8C3000714375 /* main.m in Sources */ = {isa = PBXBuildFile; fileRef = FE3991C41C9B8C3000714375 /* main.m */; };
		FE3991C81C9B8C3000714375 /* AppDelegate.m in Sources */ = {isa = PBXBuildFile; fileRef = FE3991C71C9B8C3000714375 /* AppDelegate.m */; };
		FE3991D31C9B8C3000714375 /* LaunchScreen.storyboard in Resources */ = {isa = PBXBuildFile; fileRef = FE3991D11C9B8C3000714375 /* LaunchScreen.storyboard */; };
		FE3991F91C9B8ED100714375 /* Assets.xcassets in Resources */ = {isa = PBXBuildFile; fileRef = FE3991EA1C9B8ED100714375 /* Assets.xcassets */; };
		FE3991FA1C9B8ED100714375 /* LaucherViewController.m in Sources */ = {isa = PBXBuildFile; fileRef = FE3991F21C9B8ED100714375 /* LaucherViewController.m */; };
		FE3991FB1C9B8ED100714375 /* LaucherViewController.xib in Resources */ = {isa = PBXBuildFile; fileRef = FE3991F31C9B8ED100714375 /* LaucherViewController.xib */; };
		FE39920A1C9BD3F200714375 /* CoreManager.m in Sources */ = {isa = PBXBuildFile; fileRef = FE3992091C9BD3F200714375 /* CoreManager.m */; };
		FE39920D1C9BD40100714375 /* HttpManager.m in Sources */ = {isa = PBXBuildFile; fileRef = FE39920C1C9BD40100714375 /* HttpManager.m */; };
		FE3992101C9BE62900714375 /* UIImageView+Ex.m in Sources */ = {isa = PBXBuildFile; fileRef = FE39920F1C9BE62900714375 /* UIImageView+Ex.m */; };
		FE3992131C9BEC2600714375 /* CoreManager+MainInfo.m in Sources */ = {isa = PBXBuildFile; fileRef = FE3992121C9BEC2600714375 /* CoreManager+MainInfo.m */; };
		FE3992171C9D232C00714375 /* MainViewController.m in Sources */ = {isa = PBXBuildFile; fileRef = FE3992151C9D232C00714375 /* MainViewController.m */; };
		FE3992181C9D232C00714375 /* MainViewController.xib in Resources */ = {isa = PBXBuildFile; fileRef = FE3992161C9D232C00714375 /* MainViewController.xib */; };
		FECEA3C81CA2854E009AE0E8 /* BaseTableViewCell.m in Sources */ = {isa = PBXBuildFile; fileRef = FECEA3C61CA2854E009AE0E8 /* BaseTableViewCell.m */; };
		FECEA3C91CA2854E009AE0E8 /* BaseTableViewCell.xib in Resources */ = {isa = PBXBuildFile; fileRef = FECEA3C71CA2854E009AE0E8 /* BaseTableViewCell.xib */; };
		FECEA3CC1CA28D36009AE0E8 /* BaseTableViewHeaderView.m in Sources */ = {isa = PBXBuildFile; fileRef = FECEA3CB1CA28D36009AE0E8 /* BaseTableViewHeaderView.m */; };
		FECEA3D01CA37F0B009AE0E8 /* HomePageVM.m in Sources */ = {isa = PBXBuildFile; fileRef = FECEA3CF1CA37F0B009AE0E8 /* HomePageVM.m */; };
		FECEA3D31CA38245009AE0E8 /* LatestNewsModel.m in Sources */ = {isa = PBXBuildFile; fileRef = FECEA3D21CA38245009AE0E8 /* LatestNewsModel.m */; };
		FECEA3D61CA38308009AE0E8 /* SingleNewsModel.m in Sources */ = {isa = PBXBuildFile; fileRef = FECEA3D51CA38308009AE0E8 /* SingleNewsModel.m */; };
/* End PBXBuildFile section */

/* Begin PBXFileReference section */
		05E86F48DA7EA61D10485705 /* libPods.a */ = {isa = PBXFileReference; explicitFileType = archive.ar; includeInIndex = 0; path = libPods.a; sourceTree = BUILT_PRODUCTS_DIR; };
		9B2EB0DA6D6F09A2746709A0 /* Pods.release.xcconfig */ = {isa = PBXFileReference; includeInIndex = 1; lastKnownFileType = text.xcconfig; name = Pods.release.xcconfig; path = "Pods/Target Support Files/Pods/Pods.release.xcconfig"; sourceTree = "<group>"; };
		C62AA3B9679AE7BCC401896E /* Pods.debug.xcconfig */ = {isa = PBXFileReference; includeInIndex = 1; lastKnownFileType = text.xcconfig; name = Pods.debug.xcconfig; path = "Pods/Target Support Files/Pods/Pods.debug.xcconfig"; sourceTree = "<group>"; };
		FE07297A1C9D5A5400744762 /* UIView+Ex.h */ = {isa = PBXFileReference; fileEncoding = 4; lastKnownFileType = sourcecode.c.h; path = "UIView+Ex.h"; sourceTree = "<group>"; };
		FE07297B1C9D5A5400744762 /* UIView+Ex.m */ = {isa = PBXFileReference; fileEncoding = 4; lastKnownFileType = sourcecode.c.objc; path = "UIView+Ex.m"; sourceTree = "<group>"; };
		FE07297D1C9F832100744762 /* LeftViewController.h */ = {isa = PBXFileReference; fileEncoding = 4; lastKnownFileType = sourcecode.c.h; path = LeftViewController.h; sourceTree = "<group>"; };
		FE07297E1C9F832100744762 /* LeftViewController.m */ = {isa = PBXFileReference; fileEncoding = 4; lastKnownFileType = sourcecode.c.objc; path = LeftViewController.m; sourceTree = "<group>"; };
		FE07297F1C9F832100744762 /* LeftViewController.xib */ = {isa = PBXFileReference; fileEncoding = 4; lastKnownFileType = file.xib; path = LeftViewController.xib; sourceTree = "<group>"; };
		FE0729831C9FDA5D00744762 /* LeftTableViewCell.h */ = {isa = PBXFileReference; fileEncoding = 4; lastKnownFileType = sourcecode.c.h; path = LeftTableViewCell.h; sourceTree = "<group>"; };
		FE0729841C9FDA5D00744762 /* LeftTableViewCell.m */ = {isa = PBXFileReference; fileEncoding = 4; lastKnownFileType = sourcecode.c.objc; path = LeftTableViewCell.m; sourceTree = "<group>"; };
		FE0729851C9FDA5D00744762 /* LeftTableViewCell.xib */ = {isa = PBXFileReference; fileEncoding = 4; lastKnownFileType = file.xib; path = LeftTableViewCell.xib; sourceTree = "<group>"; };
		FE0729891C9FE18E00744762 /* LeftDataModel.h */ = {isa = PBXFileReference; fileEncoding = 4; lastKnownFileType = sourcecode.c.h; path = LeftDataModel.h; sourceTree = "<group>"; };
		FE07298A1C9FE18E00744762 /* LeftDataModel.m */ = {isa = PBXFileReference; fileEncoding = 4; lastKnownFileType = sourcecode.c.objc; path = LeftDataModel.m; sourceTree = "<group>"; };
		FE07298C1C9FEBB100744762 /* BaseViewController.h */ = {isa = PBXFileReference; fileEncoding = 4; lastKnownFileType = sourcecode.c.h; path = BaseViewController.h; sourceTree = "<group>"; };
		FE07298D1C9FEBB100744762 /* BaseViewController.m */ = {isa = PBXFileReference; fileEncoding = 4; lastKnownFileType = sourcecode.c.objc; path = BaseViewController.m; sourceTree = "<group>"; };
		FE07298E1C9FEBB100744762 /* BaseViewController.xib */ = {isa = PBXFileReference; fileEncoding = 4; lastKnownFileType = file.xib; path = BaseViewController.xib; sourceTree = "<group>"; };
		FE0729911C9FF4EE00744762 /* RefreshView.h */ = {isa = PBXFileReference; fileEncoding = 4; lastKnownFileType = sourcecode.c.h; path = RefreshView.h; sourceTree = "<group>"; };
		FE0729921C9FF4EE00744762 /* RefreshView.m */ = {isa = PBXFileReference; fileEncoding = 4; lastKnownFileType = sourcecode.c.objc; path = RefreshView.m; sourceTree = "<group>"; };
		FE0729941C9FF5B800744762 /* RefreshView.xib */ = {isa = PBXFileReference; fileEncoding = 4; lastKnownFileType = file.xib; path = RefreshView.xib; sourceTree = "<group>"; };
		FE07299B1CA0E98A00744762 /* HomePageViewController.h */ = {isa = PBXFileReference; fileEncoding = 4; lastKnownFileType = sourcecode.c.h; path = HomePageViewController.h; sourceTree = "<group>"; };
		FE07299C1CA0E98A00744762 /* HomePageViewController.m */ = {isa = PBXFileReference; fileEncoding = 4; lastKnownFileType = sourcecode.c.objc; path = HomePageViewController.m; sourceTree = "<group>"; };
		FE07299F1CA0EEE700744762 /* AutoLoopView.h */ = {isa = PBXFileReference; fileEncoding = 4; lastKnownFileType = sourcecode.c.h; path = AutoLoopView.h; sourceTree = "<group>"; };
		FE0729A01CA0EEE700744762 /* AutoLoopView.m */ = {isa = PBXFileReference; fileEncoding = 4; lastKnownFileType = sourcecode.c.objc; path = AutoLoopView.m; sourceTree = "<group>"; };
		FE0729A21CA0EEF300744762 /* AutoLoopView.xib */ = {isa = PBXFileReference; fileEncoding = 4; lastKnownFileType = file.xib; path = AutoLoopView.xib; sourceTree = "<group>"; };
		FE0729A41CA2349000744762 /* AutoLoopCollectionViewCell.h */ = {isa = PBXFileReference; fileEncoding = 4; lastKnownFileType = sourcecode.c.h; path = AutoLoopCollectionViewCell.h; sourceTree = "<group>"; };
		FE0729A51CA2349000744762 /* AutoLoopCollectionViewCell.m */ = {isa = PBXFileReference; fileEncoding = 4; lastKnownFileType = sourcecode.c.objc; path = AutoLoopCollectionViewCell.m; sourceTree = "<group>"; };
		FE0729A61CA2349000744762 /* AutoLoopCollectionViewCell.xib */ = {isa = PBXFileReference; fileEncoding = 4; lastKnownFileType = file.xib; path = AutoLoopCollectionViewCell.xib; sourceTree = "<group>"; };
		FE3991C01C9B8C3000714375 /* FakeDaily.app */ = {isa = PBXFileReference; explicitFileType = wrapper.application; includeInIndex = 0; path = FakeDaily.app; sourceTree = BUILT_PRODUCTS_DIR; };
		FE3991C41C9B8C3000714375 /* main.m */ = {isa = PBXFileReference; lastKnownFileType = sourcecode.c.objc; path = main.m; sourceTree = "<group>"; };
		FE3991C61C9B8C3000714375 /* AppDelegate.h */ = {isa = PBXFileReference; lastKnownFileType = sourcecode.c.h; name = AppDelegate.h; path = ../AppDelegate.h; sourceTree = "<group>"; };
		FE3991C71C9B8C3000714375 /* AppDelegate.m */ = {isa = PBXFileReference; lastKnownFileType = sourcecode.c.objc; name = AppDelegate.m; path = ../AppDelegate.m; sourceTree = "<group>"; };
		FE3991D21C9B8C3000714375 /* Base */ = {isa = PBXFileReference; lastKnownFileType = file.storyboard; name = Base; path = Base.lproj/LaunchScreen.storyboard; sourceTree = "<group>"; };
		FE3991D41C9B8C3000714375 /* Info.plist */ = {isa = PBXFileReference; lastKnownFileType = text.plist.xml; path = Info.plist; sourceTree = "<group>"; };
		FE3991EA1C9B8ED100714375 /* Assets.xcassets */ = {isa = PBXFileReference; lastKnownFileType = folder.assetcatalog; path = Assets.xcassets; sourceTree = "<group>"; };
		FE3991F11C9B8ED100714375 /* LaucherViewController.h */ = {isa = PBXFileReference; fileEncoding = 4; lastKnownFileType = sourcecode.c.h; path = LaucherViewController.h; sourceTree = "<group>"; };
		FE3991F21C9B8ED100714375 /* LaucherViewController.m */ = {isa = PBXFileReference; fileEncoding = 4; lastKnownFileType = sourcecode.c.objc; path = LaucherViewController.m; sourceTree = "<group>"; };
		FE3991F31C9B8ED100714375 /* LaucherViewController.xib */ = {isa = PBXFileReference; fileEncoding = 4; lastKnownFileType = file.xib; path = LaucherViewController.xib; sourceTree = "<group>"; };
		FE3991FE1C9B902500714375 /* GlobalDefinition.h */ = {isa = PBXFileReference; lastKnownFileType = sourcecode.c.h; path = GlobalDefinition.h; sourceTree = "<group>"; };
		FE3991FF1C9B90C100714375 /* PrefixHeader.pch */ = {isa = PBXFileReference; lastKnownFileType = sourcecode.c.h; path = PrefixHeader.pch; sourceTree = "<group>"; };
		FE3992081C9BD3F200714375 /* CoreManager.h */ = {isa = PBXFileReference; fileEncoding = 4; lastKnownFileType = sourcecode.c.h; path = CoreManager.h; sourceTree = "<group>"; };
		FE3992091C9BD3F200714375 /* CoreManager.m */ = {isa = PBXFileReference; fileEncoding = 4; lastKnownFileType = sourcecode.c.objc; path = CoreManager.m; sourceTree = "<group>"; };
		FE39920B1C9BD40100714375 /* HttpManager.h */ = {isa = PBXFileReference; fileEncoding = 4; lastKnownFileType = sourcecode.c.h; path = HttpManager.h; sourceTree = "<group>"; };
		FE39920C1C9BD40100714375 /* HttpManager.m */ = {isa = PBXFileReference; fileEncoding = 4; lastKnownFileType = sourcecode.c.objc; path = HttpManager.m; sourceTree = "<group>"; };
		FE39920E1C9BE62900714375 /* UIImageView+Ex.h */ = {isa = PBXFileReference; fileEncoding = 4; lastKnownFileType = sourcecode.c.h; path = "UIImageView+Ex.h"; sourceTree = "<group>"; };
		FE39920F1C9BE62900714375 /* UIImageView+Ex.m */ = {isa = PBXFileReference; fileEncoding = 4; lastKnownFileType = sourcecode.c.objc; path = "UIImageView+Ex.m"; sourceTree = "<group>"; };
		FE3992111C9BEC2600714375 /* CoreManager+MainInfo.h */ = {isa = PBXFileReference; fileEncoding = 4; lastKnownFileType = sourcecode.c.h; path = "CoreManager+MainInfo.h"; sourceTree = "<group>"; };
		FE3992121C9BEC2600714375 /* CoreManager+MainInfo.m */ = {isa = PBXFileReference; fileEncoding = 4; lastKnownFileType = sourcecode.c.objc; path = "CoreManager+MainInfo.m"; sourceTree = "<group>"; };
		FE3992141C9D232C00714375 /* MainViewController.h */ = {isa = PBXFileReference; fileEncoding = 4; lastKnownFileType = sourcecode.c.h; path = MainViewController.h; sourceTree = "<group>"; };
		FE3992151C9D232C00714375 /* MainViewController.m */ = {isa = PBXFileReference; fileEncoding = 4; lastKnownFileType = sourcecode.c.objc; path = MainViewController.m; sourceTree = "<group>"; };
		FE3992161C9D232C00714375 /* MainViewController.xib */ = {isa = PBXFileReference; fileEncoding = 4; lastKnownFileType = file.xib; path = MainViewController.xib; sourceTree = "<group>"; };
		FECEA3C51CA2854E009AE0E8 /* BaseTableViewCell.h */ = {isa = PBXFileReference; fileEncoding = 4; lastKnownFileType = sourcecode.c.h; path = BaseTableViewCell.h; sourceTree = "<group>"; };
		FECEA3C61CA2854E009AE0E8 /* BaseTableViewCell.m */ = {isa = PBXFileReference; fileEncoding = 4; lastKnownFileType = sourcecode.c.objc; path = BaseTableViewCell.m; sourceTree = "<group>"; };
		FECEA3C71CA2854E009AE0E8 /* BaseTableViewCell.xib */ = {isa = PBXFileReference; fileEncoding = 4; lastKnownFileType = file.xib; path = BaseTableViewCell.xib; sourceTree = "<group>"; };
		FECEA3CA1CA28D36009AE0E8 /* BaseTableViewHeaderView.h */ = {isa = PBXFileReference; fileEncoding = 4; lastKnownFileType = sourcecode.c.h; path = BaseTableViewHeaderView.h; sourceTree = "<group>"; };
		FECEA3CB1CA28D36009AE0E8 /* BaseTableViewHeaderView.m */ = {isa = PBXFileReference; fileEncoding = 4; lastKnownFileType = sourcecode.c.objc; path = BaseTableViewHeaderView.m; sourceTree = "<group>"; };
		FECEA3CE1CA37F0B009AE0E8 /* HomePageVM.h */ = {isa = PBXFileReference; fileEncoding = 4; lastKnownFileType = sourcecode.c.h; path = HomePageVM.h; sourceTree = "<group>"; };
		FECEA3CF1CA37F0B009AE0E8 /* HomePageVM.m */ = {isa = PBXFileReference; fileEncoding = 4; lastKnownFileType = sourcecode.c.objc; path = HomePageVM.m; sourceTree = "<group>"; };
		FECEA3D11CA38245009AE0E8 /* LatestNewsModel.h */ = {isa = PBXFileReference; fileEncoding = 4; lastKnownFileType = sourcecode.c.h; path = LatestNewsModel.h; sourceTree = "<group>"; };
		FECEA3D21CA38245009AE0E8 /* LatestNewsModel.m */ = {isa = PBXFileReference; fileEncoding = 4; lastKnownFileType = sourcecode.c.objc; path = LatestNewsModel.m; sourceTree = "<group>"; };
		FECEA3D41CA38308009AE0E8 /* SingleNewsModel.h */ = {isa = PBXFileReference; fileEncoding = 4; lastKnownFileType = sourcecode.c.h; path = SingleNewsModel.h; sourceTree = "<group>"; };
		FECEA3D51CA38308009AE0E8 /* SingleNewsModel.m */ = {isa = PBXFileReference; fileEncoding = 4; lastKnownFileType = sourcecode.c.objc; path = SingleNewsModel.m; sourceTree = "<group>"; };
/* End PBXFileReference section */

/* Begin PBXFrameworksBuildPhase section */
		FE3991BD1C9B8C3000714375 /* Frameworks */ = {
			isa = PBXFrameworksBuildPhase;
			buildActionMask = 2147483647;
			files = (
				373A587AF700AC306F7B189F /* libPods.a in Frameworks */,
			);
			runOnlyForDeploymentPostprocessing = 0;
		};
/* End PBXFrameworksBuildPhase section */

/* Begin PBXGroup section */
		8C8DD35B7EA11082094CD39E /* Frameworks */ = {
			isa = PBXGroup;
			children = (
				05E86F48DA7EA61D10485705 /* libPods.a */,
			);
			name = Frameworks;
			sourceTree = "<group>";
		};
		A2CAF9EE33A80CB718AD2CCA /* Pods */ = {
			isa = PBXGroup;
			children = (
				C62AA3B9679AE7BCC401896E /* Pods.debug.xcconfig */,
				9B2EB0DA6D6F09A2746709A0 /* Pods.release.xcconfig */,
			);
			name = Pods;
			sourceTree = "<group>";
		};
		FE0729821C9FDA2F00744762 /* LeftDrawer */ = {
			isa = PBXGroup;
			children = (
				FE0729831C9FDA5D00744762 /* LeftTableViewCell.h */,
				FE0729841C9FDA5D00744762 /* LeftTableViewCell.m */,
				FE0729851C9FDA5D00744762 /* LeftTableViewCell.xib */,
			);
			path = LeftDrawer;
			sourceTree = "<group>";
		};
		FE0729881C9FE05800744762 /* LeftDrawer */ = {
			isa = PBXGroup;
			children = (
				FE0729891C9FE18E00744762 /* LeftDataModel.h */,
				FE07298A1C9FE18E00744762 /* LeftDataModel.m */,
			);
			path = LeftDrawer;
			sourceTree = "<group>";
		};
		FE07299E1CA0EECA00744762 /* HomePage */ = {
			isa = PBXGroup;
			children = (
				FE07299F1CA0EEE700744762 /* AutoLoopView.h */,
				FE0729A01CA0EEE700744762 /* AutoLoopView.m */,
				FE0729A21CA0EEF300744762 /* AutoLoopView.xib */,
				FE0729A41CA2349000744762 /* AutoLoopCollectionViewCell.h */,
				FE0729A51CA2349000744762 /* AutoLoopCollectionViewCell.m */,
				FE0729A61CA2349000744762 /* AutoLoopCollectionViewCell.xib */,
			);
			path = HomePage;
			sourceTree = "<group>";
		};
		FE3991B71C9B8C3000714375 = {
			isa = PBXGroup;
			children = (
				FE3991C21C9B8C3000714375 /* FakeDaily */,
				FE3991C11C9B8C3000714375 /* Products */,
				A2CAF9EE33A80CB718AD2CCA /* Pods */,
				8C8DD35B7EA11082094CD39E /* Frameworks */,
			);
			sourceTree = "<group>";
		};
		FE3991C11C9B8C3000714375 /* Products */ = {
			isa = PBXGroup;
			children = (
				FE3991C01C9B8C3000714375 /* FakeDaily.app */,
			);
			name = Products;
			sourceTree = "<group>";
		};
		FE3991C21C9B8C3000714375 /* FakeDaily */ = {
			isa = PBXGroup;
			children = (
				FE3991E81C9B8ED100714375 /* include */,
				FE3991E91C9B8ED100714375 /* res */,
				FE3991EB1C9B8ED100714375 /* src */,
				FE3991C31C9B8C3000714375 /* Supporting Files */,
			);
			path = FakeDaily;
			sourceTree = "<group>";
		};
		FE3991C31C9B8C3000714375 /* Supporting Files */ = {
			isa = PBXGroup;
			children = (
				FE3991D11C9B8C3000714375 /* LaunchScreen.storyboard */,
				FE3991FF1C9B90C100714375 /* PrefixHeader.pch */,
				FE3991D41C9B8C3000714375 /* Info.plist */,
				FE3991C41C9B8C3000714375 /* main.m */,
			);
			name = "Supporting Files";
			sourceTree = "<group>";
		};
		FE3991E81C9B8ED100714375 /* include */ = {
			isa = PBXGroup;
			children = (
			);
			path = include;
			sourceTree = "<group>";
		};
		FE3991E91C9B8ED100714375 /* res */ = {
			isa = PBXGroup;
			children = (
				FE3991EA1C9B8ED100714375 /* Assets.xcassets */,
			);
			path = res;
			sourceTree = "<group>";
		};
		FE3991EB1C9B8ED100714375 /* src */ = {
			isa = PBXGroup;
			children = (
				FE3991C61C9B8C3000714375 /* AppDelegate.h */,
				FE3991C71C9B8C3000714375 /* AppDelegate.m */,
				FE3991EC1C9B8ED100714375 /* Controller */,
				FE3991FD1C9B8FFF00714375 /* Definition */,
				FE3991F61C9B8ED100714375 /* Model */,
				FE3991FC1C9B8F1600714375 /* Utility */,
				FE3991F81C9B8ED100714375 /* View */,
			);
			path = src;
			sourceTree = "<group>";
		};
		FE3991EC1C9B8ED100714375 /* Controller */ = {
			isa = PBXGroup;
			children = (
				FE3991ED1C9B8ED100714375 /* Base */,
				FE3991EE1C9B8ED100714375 /* Detail */,
				FE3991EF1C9B8ED100714375 /* HomePage */,
				FE3991F01C9B8ED100714375 /* Launch */,
				FE3991F41C9B8ED100714375 /* LeftDrawer */,
				FE3991F51C9B8ED100714375 /* Setting */,
			);
			path = Controller;
			sourceTree = "<group>";
		};
		FE3991ED1C9B8ED100714375 /* Base */ = {
			isa = PBXGroup;
			children = (
				FE3992141C9D232C00714375 /* MainViewController.h */,
				FE3992151C9D232C00714375 /* MainViewController.m */,
				FE3992161C9D232C00714375 /* MainViewController.xib */,
				FE07298C1C9FEBB100744762 /* BaseViewController.h */,
				FE07298D1C9FEBB100744762 /* BaseViewController.m */,
				FE07298E1C9FEBB100744762 /* BaseViewController.xib */,
			);
			path = Base;
			sourceTree = "<group>";
		};
		FE3991EE1C9B8ED100714375 /* Detail */ = {
			isa = PBXGroup;
			children = (
			);
			path = Detail;
			sourceTree = "<group>";
		};
		FE3991EF1C9B8ED100714375 /* HomePage */ = {
			isa = PBXGroup;
			children = (
				FE07299B1CA0E98A00744762 /* HomePageViewController.h */,
				FE07299C1CA0E98A00744762 /* HomePageViewController.m */,
			);
			path = HomePage;
			sourceTree = "<group>";
		};
		FE3991F01C9B8ED100714375 /* Launch */ = {
			isa = PBXGroup;
			children = (
				FE3991F11C9B8ED100714375 /* LaucherViewController.h */,
				FE3991F21C9B8ED100714375 /* LaucherViewController.m */,
				FE3991F31C9B8ED100714375 /* LaucherViewController.xib */,
			);
			path = Launch;
			sourceTree = "<group>";
		};
		FE3991F41C9B8ED100714375 /* LeftDrawer */ = {
			isa = PBXGroup;
			children = (
				FE07297D1C9F832100744762 /* LeftViewController.h */,
				FE07297E1C9F832100744762 /* LeftViewController.m */,
				FE07297F1C9F832100744762 /* LeftViewController.xib */,
			);
			path = LeftDrawer;
			sourceTree = "<group>";
		};
		FE3991F51C9B8ED100714375 /* Setting */ = {
			isa = PBXGroup;
			children = (
			);
			path = Setting;
			sourceTree = "<group>";
		};
		FE3991F61C9B8ED100714375 /* Model */ = {
			isa = PBXGroup;
			children = (
				FE0729881C9FE05800744762 /* LeftDrawer */,
				FECEA3CD1CA37EE4009AE0E8 /* HomePage */,
				FE3992081C9BD3F200714375 /* CoreManager.h */,
				FE3992091C9BD3F200714375 /* CoreManager.m */,
				FE39920B1C9BD40100714375 /* HttpManager.h */,
				FE39920C1C9BD40100714375 /* HttpManager.m */,
				FE3992111C9BEC2600714375 /* CoreManager+MainInfo.h */,
				FE3992121C9BEC2600714375 /* CoreManager+MainInfo.m */,
			);
			path = Model;
			sourceTree = "<group>";
		};
		FE3991F81C9B8ED100714375 /* View */ = {
			isa = PBXGroup;
			children = (
				FECEA3C41CA2851F009AE0E8 /* Base */,
				FE07299E1CA0EECA00744762 /* HomePage */,
				FE0729821C9FDA2F00744762 /* LeftDrawer */,
			);
			path = View;
			sourceTree = "<group>";
		};
		FE3991FC1C9B8F1600714375 /* Utility */ = {
			isa = PBXGroup;
			children = (
				FE39920E1C9BE62900714375 /* UIImageView+Ex.h */,
				FE39920F1C9BE62900714375 /* UIImageView+Ex.m */,
				FE07297A1C9D5A5400744762 /* UIView+Ex.h */,
				FE07297B1C9D5A5400744762 /* UIView+Ex.m */,
				FE0729911C9FF4EE00744762 /* RefreshView.h */,
				FE0729921C9FF4EE00744762 /* RefreshView.m */,
				FE0729941C9FF5B800744762 /* RefreshView.xib */,
			);
			path = Utility;
			sourceTree = "<group>";
		};
		FE3991FD1C9B8FFF00714375 /* Definition */ = {
			isa = PBXGroup;
			children = (
				FE3991FE1C9B902500714375 /* GlobalDefinition.h */,
			);
			path = Definition;
			sourceTree = "<group>";
		};
		FECEA3C41CA2851F009AE0E8 /* Base */ = {
			isa = PBXGroup;
			children = (
				FECEA3C51CA2854E009AE0E8 /* BaseTableViewCell.h */,
				FECEA3C61CA2854E009AE0E8 /* BaseTableViewCell.m */,
				FECEA3C71CA2854E009AE0E8 /* BaseTableViewCell.xib */,
				FECEA3CA1CA28D36009AE0E8 /* BaseTableViewHeaderView.h */,
				FECEA3CB1CA28D36009AE0E8 /* BaseTableViewHeaderView.m */,
			);
			path = Base;
			sourceTree = "<group>";
		};
		FECEA3CD1CA37EE4009AE0E8 /* HomePage */ = {
			isa = PBXGroup;
			children = (
				FECEA3CE1CA37F0B009AE0E8 /* HomePageVM.h */,
				FECEA3CF1CA37F0B009AE0E8 /* HomePageVM.m */,
				FECEA3D11CA38245009AE0E8 /* LatestNewsModel.h */,
				FECEA3D21CA38245009AE0E8 /* LatestNewsModel.m */,
				FECEA3D41CA38308009AE0E8 /* SingleNewsModel.h */,
				FECEA3D51CA38308009AE0E8 /* SingleNewsModel.m */,
			);
			path = HomePage;
			sourceTree = "<group>";
		};
/* End PBXGroup section */

/* Begin PBXNativeTarget section */
		FE3991BF1C9B8C3000714375 /* FakeDaily */ = {
			isa = PBXNativeTarget;
			buildConfigurationList = FE3991D71C9B8C3000714375 /* Build configuration list for PBXNativeTarget "FakeDaily" */;
			buildPhases = (
				119DD9127C16B92CB1A439EC /* Check Pods Manifest.lock */,
				FE3991BC1C9B8C3000714375 /* Sources */,
				FE3991BD1C9B8C3000714375 /* Frameworks */,
				FE3991BE1C9B8C3000714375 /* Resources */,
				558A7B6BD07E0545D8EB8863 /* Embed Pods Frameworks */,
				A907512F1B490B6B3DBD5AEB /* Copy Pods Resources */,
			);
			buildRules = (
			);
			dependencies = (
			);
			name = FakeDaily;
			productName = FakeDaily;
			productReference = FE3991C01C9B8C3000714375 /* FakeDaily.app */;
			productType = "com.apple.product-type.application";
		};
/* End PBXNativeTarget section */

/* Begin PBXProject section */
		FE3991B81C9B8C3000714375 /* Project object */ = {
			isa = PBXProject;
			attributes = {
				LastUpgradeCheck = 0720;
				ORGANIZATIONNAME = DEVIL;
				TargetAttributes = {
					FE3991BF1C9B8C3000714375 = {
						CreatedOnToolsVersion = 7.2;
					};
				};
			};
			buildConfigurationList = FE3991BB1C9B8C3000714375 /* Build configuration list for PBXProject "FakeDaily" */;
			compatibilityVersion = "Xcode 3.2";
			developmentRegion = English;
			hasScannedForEncodings = 0;
			knownRegions = (
				en,
				Base,
			);
			mainGroup = FE3991B71C9B8C3000714375;
			productRefGroup = FE3991C11C9B8C3000714375 /* Products */;
			projectDirPath = "";
			projectRoot = "";
			targets = (
				FE3991BF1C9B8C3000714375 /* FakeDaily */,
			);
		};
/* End PBXProject section */

/* Begin PBXResourcesBuildPhase section */
		FE3991BE1C9B8C3000714375 /* Resources */ = {
			isa = PBXResourcesBuildPhase;
			buildActionMask = 2147483647;
			files = (
				FE0729871C9FDA5D00744762 /* LeftTableViewCell.xib in Resources */,
				FE3991FB1C9B8ED100714375 /* LaucherViewController.xib in Resources */,
				FE0729951C9FF5B800744762 /* RefreshView.xib in Resources */,
				FE3991F91C9B8ED100714375 /* Assets.xcassets in Resources */,
				FE0729811C9F832100744762 /* LeftViewController.xib in Resources */,
				FE3991D31C9B8C3000714375 /* LaunchScreen.storyboard in Resources */,
				FE0729A31CA0EEF300744762 /* AutoLoopView.xib in Resources */,
				FE0729A81CA2349000744762 /* AutoLoopCollectionViewCell.xib in Resources */,
				FE0729901C9FEBB100744762 /* BaseViewController.xib in Resources */,
				FE3992181C9D232C00714375 /* MainViewController.xib in Resources */,
				FECEA3C91CA2854E009AE0E8 /* BaseTableViewCell.xib in Resources */,
			);
			runOnlyForDeploymentPostprocessing = 0;
		};
/* End PBXResourcesBuildPhase section */

/* Begin PBXShellScriptBuildPhase section */
		119DD9127C16B92CB1A439EC /* Check Pods Manifest.lock */ = {
			isa = PBXShellScriptBuildPhase;
			buildActionMask = 2147483647;
			files = (
			);
			inputPaths = (
			);
			name = "Check Pods Manifest.lock";
			outputPaths = (
			);
			runOnlyForDeploymentPostprocessing = 0;
			shellPath = /bin/sh;
			shellScript = "diff \"${PODS_ROOT}/../Podfile.lock\" \"${PODS_ROOT}/Manifest.lock\" > /dev/null\nif [[ $? != 0 ]] ; then\n    cat << EOM\nerror: The sandbox is not in sync with the Podfile.lock. Run 'pod install' or update your CocoaPods installation.\nEOM\n    exit 1\nfi\n";
			showEnvVarsInLog = 0;
		};
		558A7B6BD07E0545D8EB8863 /* Embed Pods Frameworks */ = {
			isa = PBXShellScriptBuildPhase;
			buildActionMask = 2147483647;
			files = (
			);
			inputPaths = (
			);
			name = "Embed Pods Frameworks";
			outputPaths = (
			);
			runOnlyForDeploymentPostprocessing = 0;
			shellPath = /bin/sh;
			shellScript = "\"${SRCROOT}/Pods/Target Support Files/Pods/Pods-frameworks.sh\"\n";
			showEnvVarsInLog = 0;
		};
		A907512F1B490B6B3DBD5AEB /* Copy Pods Resources */ = {
			isa = PBXShellScriptBuildPhase;
			buildActionMask = 2147483647;
			files = (
			);
			inputPaths = (
			);
			name = "Copy Pods Resources";
			outputPaths = (
			);
			runOnlyForDeploymentPostprocessing = 0;
			shellPath = /bin/sh;
			shellScript = "\"${SRCROOT}/Pods/Target Support Files/Pods/Pods-resources.sh\"\n";
			showEnvVarsInLog = 0;
		};
/* End PBXShellScriptBuildPhase section */

/* Begin PBXSourcesBuildPhase section */
		FE3991BC1C9B8C3000714375 /* Sources */ = {
			isa = PBXSourcesBuildPhase;
			buildActionMask = 2147483647;
			files = (
				FECEA3C81CA2854E009AE0E8 /* BaseTableViewCell.m in Sources */,
				FE39920D1C9BD40100714375 /* HttpManager.m in Sources */,
				FE0729801C9F832100744762 /* LeftViewController.m in Sources */,
				FE07299D1CA0E98A00744762 /* HomePageViewController.m in Sources */,
				FE3992101C9BE62900714375 /* UIImageView+Ex.m in Sources */,
				FE0729A71CA2349000744762 /* AutoLoopCollectionViewCell.m in Sources */,
				FE39920A1C9BD3F200714375 /* CoreManager.m in Sources */,
				FECEA3D31CA38245009AE0E8 /* LatestNewsModel.m in Sources */,
				FECEA3CC1CA28D36009AE0E8 /* BaseTableViewHeaderView.m in Sources */,
				FE0729931C9FF4EE00744762 /* RefreshView.m in Sources */,
				FE3992171C9D232C00714375 /* MainViewController.m in Sources */,
				FE0729A11CA0EEE700744762 /* AutoLoopView.m in Sources */,
				FE3992131C9BEC2600714375 /* CoreManager+MainInfo.m in Sources */,
				FECEA3D01CA37F0B009AE0E8 /* HomePageVM.m in Sources */,
				FE0729861C9FDA5D00744762 /* LeftTableViewCell.m in Sources */,
				FE3991C81C9B8C3000714375 /* AppDelegate.m in Sources */,
				FECEA3D61CA38308009AE0E8 /* SingleNewsModel.m in Sources */,
				FE07298B1C9FE18E00744762 /* LeftDataModel.m in Sources */,
				FE07298F1C9FEBB100744762 /* BaseViewController.m in Sources */,
				FE3991C51C9B8C3000714375 /* main.m in Sources */,
				FE07297C1C9D5A5400744762 /* UIView+Ex.m in Sources */,
				FE3991FA1C9B8ED100714375 /* LaucherViewController.m in Sources */,
			);
			runOnlyForDeploymentPostprocessing = 0;
		};
/* End PBXSourcesBuildPhase section */

/* Begin PBXVariantGroup section */
		FE3991D11C9B8C3000714375 /* LaunchScreen.storyboard */ = {
			isa = PBXVariantGroup;
			children = (
				FE3991D21C9B8C3000714375 /* Base */,
			);
			name = LaunchScreen.storyboard;
			sourceTree = "<group>";
		};
/* End PBXVariantGroup section */

/* Begin XCBuildConfiguration section */
		FE3991D51C9B8C3000714375 /* Debug */ = {
			isa = XCBuildConfiguration;
			buildSettings = {
				ALWAYS_SEARCH_USER_PATHS = NO;
				CLANG_CXX_LANGUAGE_STANDARD = "gnu++0x";
				CLANG_CXX_LIBRARY = "libc++";
				CLANG_ENABLE_MODULES = YES;
				CLANG_ENABLE_OBJC_ARC = YES;
				CLANG_WARN_BOOL_CONVERSION = YES;
				CLANG_WARN_CONSTANT_CONVERSION = YES;
				CLANG_WARN_DIRECT_OBJC_ISA_USAGE = YES_ERROR;
				CLANG_WARN_EMPTY_BODY = YES;
				CLANG_WARN_ENUM_CONVERSION = YES;
				CLANG_WARN_INT_CONVERSION = YES;
				CLANG_WARN_OBJC_ROOT_CLASS = YES_ERROR;
				CLANG_WARN_UNREACHABLE_CODE = YES;
				CLANG_WARN__DUPLICATE_METHOD_MATCH = YES;
				"CODE_SIGN_IDENTITY[sdk=iphoneos*]" = "iPhone Developer";
				COPY_PHASE_STRIP = NO;
				DEBUG_INFORMATION_FORMAT = dwarf;
				ENABLE_STRICT_OBJC_MSGSEND = YES;
				ENABLE_TESTABILITY = YES;
				GCC_C_LANGUAGE_STANDARD = gnu99;
				GCC_DYNAMIC_NO_PIC = NO;
				GCC_NO_COMMON_BLOCKS = YES;
				GCC_OPTIMIZATION_LEVEL = 0;
				GCC_PREPROCESSOR_DEFINITIONS = (
					"DEBUG=1",
					"$(inherited)",
				);
				GCC_WARN_64_TO_32_BIT_CONVERSION = YES;
				GCC_WARN_ABOUT_RETURN_TYPE = YES_ERROR;
				GCC_WARN_UNDECLARED_SELECTOR = YES;
				GCC_WARN_UNINITIALIZED_AUTOS = YES_AGGRESSIVE;
				GCC_WARN_UNUSED_FUNCTION = YES;
				GCC_WARN_UNUSED_VARIABLE = YES;
				IPHONEOS_DEPLOYMENT_TARGET = 9.2;
				MTL_ENABLE_DEBUG_INFO = YES;
				ONLY_ACTIVE_ARCH = YES;
				SDKROOT = iphoneos;
			};
			name = Debug;
		};
		FE3991D61C9B8C3000714375 /* Release */ = {
			isa = XCBuildConfiguration;
			buildSettings = {
				ALWAYS_SEARCH_USER_PATHS = NO;
				CLANG_CXX_LANGUAGE_STANDARD = "gnu++0x";
				CLANG_CXX_LIBRARY = "libc++";
				CLANG_ENABLE_MODULES = YES;
				CLANG_ENABLE_OBJC_ARC = YES;
				CLANG_WARN_BOOL_CONVERSION = YES;
				CLANG_WARN_CONSTANT_CONVERSION = YES;
				CLANG_WARN_DIRECT_OBJC_ISA_USAGE = YES_ERROR;
				CLANG_WARN_EMPTY_BODY = YES;
				CLANG_WARN_ENUM_CONVERSION = YES;
				CLANG_WARN_INT_CONVERSION = YES;
				CLANG_WARN_OBJC_ROOT_CLASS = YES_ERROR;
				CLANG_WARN_UNREACHABLE_CODE = YES;
				CLANG_WARN__DUPLICATE_METHOD_MATCH = YES;
				"CODE_SIGN_IDENTITY[sdk=iphoneos*]" = "iPhone Developer";
				COPY_PHASE_STRIP = NO;
				DEBUG_INFORMATION_FORMAT = "dwarf-with-dsym";
				ENABLE_NS_ASSERTIONS = NO;
				ENABLE_STRICT_OBJC_MSGSEND = YES;
				GCC_C_LANGUAGE_STANDARD = gnu99;
				GCC_NO_COMMON_BLOCKS = YES;
				GCC_WARN_64_TO_32_BIT_CONVERSION = YES;
				GCC_WARN_ABOUT_RETURN_TYPE = YES_ERROR;
				GCC_WARN_UNDECLARED_SELECTOR = YES;
				GCC_WARN_UNINITIALIZED_AUTOS = YES_AGGRESSIVE;
				GCC_WARN_UNUSED_FUNCTION = YES;
				GCC_WARN_UNUSED_VARIABLE = YES;
				IPHONEOS_DEPLOYMENT_TARGET = 9.2;
				MTL_ENABLE_DEBUG_INFO = NO;
				SDKROOT = iphoneos;
				VALIDATE_PRODUCT = YES;
			};
			name = Release;
		};
		FE3991D81C9B8C3000714375 /* Debug */ = {
			isa = XCBuildConfiguration;
			baseConfigurationReference = C62AA3B9679AE7BCC401896E /* Pods.debug.xcconfig */;
			buildSettings = {
				ASSETCATALOG_COMPILER_APPICON_NAME = AppIcon;
				GCC_PRECOMPILE_PREFIX_HEADER = NO;
				GCC_PREFIX_HEADER = "$(SRCROOT)/FakeDaily/prefixHeader.pch";
				INFOPLIST_FILE = FakeDaily/Info.plist;
				LD_RUNPATH_SEARCH_PATHS = "$(inherited) @executable_path/Frameworks";
				PRODUCT_BUNDLE_IDENTIFIER = com.devil.FakeDaily;
				PRODUCT_NAME = "$(TARGET_NAME)";
			};
			name = Debug;
		};
		FE3991D91C9B8C3000714375 /* Release */ = {
			isa = XCBuildConfiguration;
			baseConfigurationReference = 9B2EB0DA6D6F09A2746709A0 /* Pods.release.xcconfig */;
			buildSettings = {
				ASSETCATALOG_COMPILER_APPICON_NAME = AppIcon;
				GCC_PRECOMPILE_PREFIX_HEADER = NO;
				GCC_PREFIX_HEADER = "$(SRCROOT)/FakeDaily/prefixHeader.pch";
				INFOPLIST_FILE = FakeDaily/Info.plist;
				LD_RUNPATH_SEARCH_PATHS = "$(inherited) @executable_path/Frameworks";
				PRODUCT_BUNDLE_IDENTIFIER = com.devil.FakeDaily;
				PRODUCT_NAME = "$(TARGET_NAME)";
			};
			name = Release;
		};
/* End XCBuildConfiguration section */

/* Begin XCConfigurationList section */
		FE3991BB1C9B8C3000714375 /* Build configuration list for PBXProject "FakeDaily" */ = {
			isa = XCConfigurationList;
			buildConfigurations = (
				FE3991D51C9B8C3000714375 /* Debug */,
				FE3991D61C9B8C3000714375 /* Release */,
			);
			defaultConfigurationIsVisible = 0;
			defaultConfigurationName = Release;
		};
		FE3991D71C9B8C3000714375 /* Build configuration list for PBXNativeTarget "FakeDaily" */ = {
			isa = XCConfigurationList;
			buildConfigurations = (
				FE3991D81C9B8C3000714375 /* Debug */,
				FE3991D91C9B8C3000714375 /* Release */,
			);
			defaultConfigurationIsVisible = 0;
			defaultConfigurationName = Release;
		};
/* End XCConfigurationList section */
	};
	rootObject = FE3991B81C9B8C3000714375 /* Project object */;
}
